
Microsoft Visual Studio Solution File, Format Version 11.00
# Visual Studio 2010
Project("{FAE04EC0-301F-11D3-BF4B-00C04F79EFBC}") = "ANX.Framework", "ANX.Framework\ANX.Framework.csproj", "{6899F0C9-70B9-4EB0-9DD3-E598D4BE3E35}"
EndProject
Project("{FAE04EC0-301F-11D3-BF4B-00C04F79EFBC}") = "ANX.Framework.TestCenter", "ANX.Framework.TestCenter\ANX.Framework.TestCenter.csproj", "{7344BBEB-A1C7-43A8-B68E-D42B81973DA9}"
EndProject
Project("{FAE04EC0-301F-11D3-BF4B-00C04F79EFBC}") = "ANX.Framework.ContentPipeline", "ANX.Framework.ContentPipeline\ANX.Framework.ContentPipeline.csproj", "{ECBF60CB-1CF0-4F92-8963-E73115B04B43}"
EndProject
Project("{2150E333-8FDC-42A3-9474-1A3956D46DE8}") = "Tools", "Tools", "{B24A8593-562A-4A25-BB08-46C163F10F3F}"
EndProject
Project("{FAE04EC0-301F-11D3-BF4B-00C04F79EFBC}") = "ANXStatusComparer", "Tools\ANXStatusComparer\ANXStatusComparer.csproj", "{9D8DC781-2E0D-4348-BAD9-745F91428A3F}"
EndProject
Project("{2150E333-8FDC-42A3-9474-1A3956D46DE8}") = "RenderSystems", "RenderSystems", "{D421509A-9AE3-4D7E-881B-EAFED598B028}"
EndProject
Project("{2150E333-8FDC-42A3-9474-1A3956D46DE8}") = "Samples", "Samples", "{9B0DD48B-3912-4F33-AF3F-691AF02B73F9}"
EndProject
Project("{FAE04EC0-301F-11D3-BF4B-00C04F79EFBC}") = "VertexIndexBuffer", "Samples\VertexIndexBuffer\VertexIndexBuffer.csproj", "{F945515B-394D-4ED4-80E0-98EB59B69D24}"
EndProject
Project("{FAE04EC0-301F-11D3-BF4B-00C04F79EFBC}") = "SimpleSprite", "Samples\SimpleSprite\SimpleSprite.csproj", "{AAA20E99-A897-4C91-A23E-D02B8F08ACA5}"
EndProject
Project("{FAE04EC0-301F-11D3-BF4B-00C04F79EFBC}") = "TextRendering", "Samples\TextRendering\TextRendering.csproj", "{BC79B021-10E4-4D01-945A-7048FFF53A22}"
EndProject
Project("{FAE04EC0-301F-11D3-BF4B-00C04F79EFBC}") = "SampleContent", "Samples\SampleContent\SampleContent.contentproj", "{FA6E229D-4504-47B1-8A23-2D3FCC13F778}"
EndProject
Project("{2150E333-8FDC-42A3-9474-1A3956D46DE8}") = "InputSystems", "InputSystems", "{7AD65E6B-2A48-437F-81D9-4CA9C9A85C64}"
EndProject
Project("{2150E333-8FDC-42A3-9474-1A3956D46DE8}") = "SoundSystems", "SoundSystems", "{5725DA44-4F5C-4E93-A957-AC5C85603EE9}"
EndProject
Project("{FAE04EC0-301F-11D3-BF4B-00C04F79EFBC}") = "ANX.SoundSystem.Windows.XAudio", "SoundSystems\ANX.SoundSystem.Windows.XAudio\ANX.SoundSystem.Windows.XAudio.csproj", "{6A582788-C4D2-410C-96CD-177F75712D65}"
EndProject
Project("{FAE04EC0-301F-11D3-BF4B-00C04F79EFBC}") = "Xinput", "Samples\Xinput\Xinput.csproj", "{45D6F4DE-5BB6-4E86-8C44-F9CA307AE43F}"
EndProject
Project("{FAE04EC0-301F-11D3-BF4B-00C04F79EFBC}") = "WindowsGame", "Samples\WindowsGame\WindowsGame.csproj", "{A08575E0-7B21-4822-9D4C-6B9EEB7EFFF7}"
EndProject
Project("{FAE04EC0-301F-11D3-BF4B-00C04F79EFBC}") = "XNAToANXConverter", "Tools\XNAToANXConverter\XNAToANXConverter.csproj", "{B5209A04-B2F8-4033-A5E7-545BE771214C}"
EndProject
Project("{FAE04EC0-301F-11D3-BF4B-00C04F79EFBC}") = "Kinect", "Samples\Kinect\Kinect.csproj", "{A42413A9-5189-40CB-AACA-D50F24865431}"
EndProject
Project("{2150E333-8FDC-42A3-9474-1A3956D46DE8}") = "Stock Shaders", "Stock Shaders", "{60824BDB-AC8A-42ED-9B79-111FB44669FF}"
EndProject
Project("{2150E333-8FDC-42A3-9474-1A3956D46DE8}") = "DX10", "DX10", "{CCB4679D-11AF-4EC6-AAA4-36619FCE70FA}"
	ProjectSection(SolutionItems) = preProject
		shader\DX10\AlphaTest.fx = shader\DX10\AlphaTest.fx
		shader\DX10\BasicEffect.fx = shader\DX10\BasicEffect.fx
		shader\DX10\build.xml = shader\DX10\build.xml
		shader\DX10\DualTexture.fx = shader\DX10\DualTexture.fx
		shader\DX10\EnvironmentMap.fx = shader\DX10\EnvironmentMap.fx
		shader\DX10\Skinned.fx = shader\DX10\Skinned.fx
		shader\DX10\SpriteBatch.fx = shader\DX10\SpriteBatch.fx
	EndProjectSection
EndProject
Project("{2150E333-8FDC-42A3-9474-1A3956D46DE8}") = "GL3", "GL3", "{E4FFD875-95FC-48F2-8B6D-8483D0B71666}"
	ProjectSection(SolutionItems) = preProject
		shader\GL3\AlphaTest.fx = shader\GL3\AlphaTest.fx
		shader\GL3\BasicEffect.fx = shader\GL3\BasicEffect.fx
		shader\GL3\build.xml = shader\GL3\build.xml
		shader\GL3\DualTexture.fx = shader\GL3\DualTexture.fx
		shader\GL3\EnvironmentMap.fx = shader\GL3\EnvironmentMap.fx
		shader\GL3\Skinned.fx = shader\GL3\Skinned.fx
		shader\GL3\SpriteBatch_GLSL.fx = shader\GL3\SpriteBatch_GLSL.fx
	EndProjectSection
EndProject
Project("{FAE04EC0-301F-11D3-BF4B-00C04F79EFBC}") = "StockShaderCodeGenerator", "Tools\StockShaderCodeGenerator\StockShaderCodeGenerator.csproj", "{D73E5FF4-AE88-4637-8159-120FBDA564BF}"
EndProject
Project("{2150E333-8FDC-42A3-9474-1A3956D46DE8}") = "XNA", "XNA", "{BD648BB8-EF28-453C-B4F5-EE3C93EB4DAF}"
	ProjectSection(SolutionItems) = preProject
		shader\XNA\AlphaTestEffect.fx = shader\XNA\AlphaTestEffect.fx
		shader\XNA\BasicEffect.fx = shader\XNA\BasicEffect.fx
		shader\XNA\Common.fxh = shader\XNA\Common.fxh
		shader\XNA\DualTextureEffect.fx = shader\XNA\DualTextureEffect.fx
		shader\XNA\EnvironmentMapEffect.fx = shader\XNA\EnvironmentMapEffect.fx
		shader\XNA\Lighting.fxh = shader\XNA\Lighting.fxh
		shader\XNA\Macros.fxh = shader\XNA\Macros.fxh
		shader\XNA\SkinnedEffect.fx = shader\XNA\SkinnedEffect.fx
		shader\XNA\SpriteEffect.fx = shader\XNA\SpriteEffect.fx
		shader\XNA\Structures.fxh = shader\XNA\Structures.fxh
	EndProjectSection
EndProject
Project("{FAE04EC0-301F-11D3-BF4B-00C04F79EFBC}") = "ANX.Framework.Windows.DX10", "RenderSystems\ANX.Framework.Windows.DX10\ANX.Framework.Windows.DX10.csproj", "{5BE49183-2F6F-4527-AC90-D816911FCF90}"
EndProject
Project("{FAE04EC0-301F-11D3-BF4B-00C04F79EFBC}") = "ANX.Framework.Windows.GL3", "RenderSystems\ANX.Framework.Windows.GL3\ANX.Framework.Windows.GL3.csproj", "{EB8258E0-6741-4DB9-B756-1EBDF67B1ED6}"
EndProject
Project("{FAE04EC0-301F-11D3-BF4B-00C04F79EFBC}") = "ANX.RenderSystem.Windows.DX11", "RenderSystems\ANX.RenderSystem.Windows.DX11\ANX.RenderSystem.Windows.DX11.csproj", "{B30DE9C2-0926-46B6-8351-9AF276C472D5}"
EndProject
Project("{2150E333-8FDC-42A3-9474-1A3956D46DE8}") = "build", "build", "{82CDEC51-2E62-4D6D-8A89-8E0F68A9722B}"
	ProjectSection(SolutionItems) = preProject
		build\ANX.Framework.build = build\ANX.Framework.build
		build\create_shaders.bat = build\create_shaders.bat
		build\MakeAnxFramework.cmd = build\MakeAnxFramework.cmd
	EndProjectSection
EndProject
Project("{FAE04EC0-301F-11D3-BF4B-00C04F79EFBC}") = "KeyboardSample", "Samples\KeyboardSample\KeyboardSample.csproj", "{05233BB1-444F-43F6-A3DF-B82AA924E094}"
EndProject
Project("{2150E333-8FDC-42A3-9474-1A3956D46DE8}") = "Installer", "Installer", "{04C721BB-F871-4872-9EA9-B2062BF21E62}"
	ProjectSection(SolutionItems) = preProject
		Installer\anx.wxs = Installer\anx.wxs
	EndProjectSection
EndProject
Project("{FAE04EC0-301F-11D3-BF4B-00C04F79EFBC}") = "RenderTarget", "Samples\RenderTarget\RenderTarget.csproj", "{71378D2F-0DCD-4413-8DE0-3FEC0BA04E27}"
EndProject
Project("{FAE04EC0-301F-11D3-BF4B-00C04F79EFBC}") = "StencilBuffer", "Samples\StencilBuffer\StencilBuffer.csproj", "{41E6C2CF-51EA-4D8E-96AE-739CA3951766}"
EndProject
Project("{FAE04EC0-301F-11D3-BF4B-00C04F79EFBC}") = "Primitives", "Samples\Primitives\Primitives.csproj", "{57097B7A-A283-4409-8AAC-35BF0F458657}"
EndProject
Project("{FAE04EC0-301F-11D3-BF4B-00C04F79EFBC}") = "ANX.SoundSystem.OpenAL", "SoundSystems\ANX.SoundSystem.OpenAL\ANX.SoundSystem.OpenAL.csproj", "{14EF49AB-6D3F-458D-9D5C-D120B86EDD7A}"
EndProject
Project("{FAE04EC0-301F-11D3-BF4B-00C04F79EFBC}") = "ANX.InputSystem.Recording", "InputSystems\ANX.InputSystem.Recording\ANX.InputSystem.Recording.csproj", "{DB88DDEB-7281-405D-8FCA-5681B6B2BD7A}"
EndProject
Project("{FAE04EC0-301F-11D3-BF4B-00C04F79EFBC}") = "ANX.RenderSystem.Windows.Metro", "RenderSystems\ANX.RenderSystem.Windows.Metro\ANX.RenderSystem.Windows.Metro.csproj", "{FF0AB665-2796-4354-9630-76C2751DB3C2}"
EndProject
Project("{FAE04EC0-301F-11D3-BF4B-00C04F79EFBC}") = "RecordingSample", "RecordingSample\RecordingSample\RecordingSample.csproj", "{160150D5-38E6-482D-97F5-2624F322A854}"
EndProject
Project("{2150E333-8FDC-42A3-9474-1A3956D46DE8}") = "DX11", "DX11", "{6285F3EF-07DB-49C9-8CDE-A9092789FE4F}"
	ProjectSection(SolutionItems) = preProject
		shader\DX11\AlphaTest.fx = shader\DX11\AlphaTest.fx
		shader\DX11\BasicEffect.fx = shader\DX11\BasicEffect.fx
		shader\DX11\build.xml = shader\DX11\build.xml
		shader\DX11\DualTexture.fx = shader\DX11\DualTexture.fx
		shader\DX11\EnvironmentMap.fx = shader\DX11\EnvironmentMap.fx
		shader\DX11\Skinned.fx = shader\DX11\Skinned.fx
		shader\DX11\SpriteBatch.fx = shader\DX11\SpriteBatch.fx
	EndProjectSection
EndProject
Project("{FAE04EC0-301F-11D3-BF4B-00C04F79EFBC}") = "ANX.InputSystem.Standard", "InputSystems\ANX.InputSystem.Standard\ANX.InputSystem.Standard.csproj", "{49066074-3B7B-4A55-B122-6BD33AB73558}"
EndProject
Project("{FAE04EC0-301F-11D3-BF4B-00C04F79EFBC}") = "ANX.InputDevices.Windows.XInput", "InputSystems\ANX.InputDevices.Windows.XInput\ANX.InputDevices.Windows.XInput.csproj", "{60D08399-244F-46A3-91F1-4CFD26D961A3}"
EndProject
Project("{FAE04EC0-301F-11D3-BF4B-00C04F79EFBC}") = "ANX.InputDevices.OpenTK", "InputSystems\ANX.InputDevices.OpenTK\ANX.InputDevices.OpenTK.csproj", "{5CA3CDF5-4D2C-42AC-AD08-641BD3992B75}"
EndProject
Project("{FAE04EC0-301F-11D3-BF4B-00C04F79EFBC}") = "ANX.InputDevices.Windows.Kinect", "InputSystems\ANX.InputDevices.Windows.Kinect\ANX.InputDevices.Windows.Kinect.csproj", "{E5D69E75-D77C-493F-BBDA-6F9E73B82549}"
EndProject
Project("{FAE04EC0-301F-11D3-BF4B-00C04F79EFBC}") = "ANX.InputDevices.Test", "InputSystems\ANX.InputDevices.Test\ANX.InputDevices.Test.csproj", "{5040A9C7-6DEC-4613-8586-A598C4070B35}"
EndProject
Project("{FAE04EC0-301F-11D3-BF4B-00C04F79EFBC}") = "MultiRenderTarget", "Samples\MultiRenderTarget\MultiRenderTarget.csproj", "{9C9C6245-35C2-4230-8E17-9038A228227F}"
EndProject
Project("{2150E333-8FDC-42A3-9474-1A3956D46DE8}") = "MediaSystems", "MediaSystems", "{6EDED295-0F32-4D05-A8EA-02F4BF89CF35}"
EndProject
Project("{FAE04EC0-301F-11D3-BF4B-00C04F79EFBC}") = "ANX.MediaSystem.Windows.OpenAL", "MediaSystems\ANX.MediaSystem.Windows.OpenAL\ANX.MediaSystem.Windows.OpenAL.csproj", "{97185A92-077D-4498-8B6A-8BFF04079044}"
EndProject
Project("{FAE04EC0-301F-11D3-BF4B-00C04F79EFBC}") = "ModelSample", "Samples\ModelSample\ModelSample\ModelSample.csproj", "{ED081799-AB02-4793-96F8-F9EA7F3192E3}"
EndProject
Global
	GlobalSection(SolutionConfigurationPlatforms) = preSolution
		Debug|Any CPU = Debug|Any CPU
		Debug|Mixed Platforms = Debug|Mixed Platforms
		Debug|x86 = Debug|x86
		Release|Any CPU = Release|Any CPU
		Release|Mixed Platforms = Release|Mixed Platforms
		Release|x86 = Release|x86
	EndGlobalSection
	GlobalSection(ProjectConfigurationPlatforms) = postSolution
		{6899F0C9-70B9-4EB0-9DD3-E598D4BE3E35}.Debug|Any CPU.ActiveCfg = Debug|Any CPU
		{6899F0C9-70B9-4EB0-9DD3-E598D4BE3E35}.Debug|Any CPU.Build.0 = Debug|Any CPU
		{6899F0C9-70B9-4EB0-9DD3-E598D4BE3E35}.Debug|Mixed Platforms.ActiveCfg = Debug|Any CPU
		{6899F0C9-70B9-4EB0-9DD3-E598D4BE3E35}.Debug|Mixed Platforms.Build.0 = Debug|Any CPU
		{6899F0C9-70B9-4EB0-9DD3-E598D4BE3E35}.Debug|x86.ActiveCfg = Debug|Any CPU
		{6899F0C9-70B9-4EB0-9DD3-E598D4BE3E35}.Release|Any CPU.ActiveCfg = Release|Any CPU
		{6899F0C9-70B9-4EB0-9DD3-E598D4BE3E35}.Release|Any CPU.Build.0 = Release|Any CPU
		{6899F0C9-70B9-4EB0-9DD3-E598D4BE3E35}.Release|Mixed Platforms.ActiveCfg = Release|Any CPU
		{6899F0C9-70B9-4EB0-9DD3-E598D4BE3E35}.Release|Mixed Platforms.Build.0 = Release|Any CPU
		{6899F0C9-70B9-4EB0-9DD3-E598D4BE3E35}.Release|x86.ActiveCfg = Release|Any CPU
		{7344BBEB-A1C7-43A8-B68E-D42B81973DA9}.Debug|Any CPU.ActiveCfg = Debug|Any CPU
		{7344BBEB-A1C7-43A8-B68E-D42B81973DA9}.Debug|Any CPU.Build.0 = Debug|Any CPU
		{7344BBEB-A1C7-43A8-B68E-D42B81973DA9}.Debug|Mixed Platforms.ActiveCfg = Debug|Any CPU
		{7344BBEB-A1C7-43A8-B68E-D42B81973DA9}.Debug|Mixed Platforms.Build.0 = Debug|Any CPU
		{7344BBEB-A1C7-43A8-B68E-D42B81973DA9}.Debug|x86.ActiveCfg = Debug|Any CPU
		{7344BBEB-A1C7-43A8-B68E-D42B81973DA9}.Release|Any CPU.ActiveCfg = Release|Any CPU
		{7344BBEB-A1C7-43A8-B68E-D42B81973DA9}.Release|Any CPU.Build.0 = Release|Any CPU
		{7344BBEB-A1C7-43A8-B68E-D42B81973DA9}.Release|Mixed Platforms.ActiveCfg = Release|Any CPU
		{7344BBEB-A1C7-43A8-B68E-D42B81973DA9}.Release|Mixed Platforms.Build.0 = Release|Any CPU
		{7344BBEB-A1C7-43A8-B68E-D42B81973DA9}.Release|x86.ActiveCfg = Release|Any CPU
		{ECBF60CB-1CF0-4F92-8963-E73115B04B43}.Debug|Any CPU.ActiveCfg = Debug|x86
		{ECBF60CB-1CF0-4F92-8963-E73115B04B43}.Debug|Any CPU.Build.0 = Debug|x86
		{ECBF60CB-1CF0-4F92-8963-E73115B04B43}.Debug|Mixed Platforms.ActiveCfg = Debug|x86
		{ECBF60CB-1CF0-4F92-8963-E73115B04B43}.Debug|Mixed Platforms.Build.0 = Debug|x86
		{ECBF60CB-1CF0-4F92-8963-E73115B04B43}.Debug|x86.ActiveCfg = Debug|x86
		{ECBF60CB-1CF0-4F92-8963-E73115B04B43}.Debug|x86.Build.0 = Debug|x86
		{ECBF60CB-1CF0-4F92-8963-E73115B04B43}.Release|Any CPU.ActiveCfg = Release|x86
		{ECBF60CB-1CF0-4F92-8963-E73115B04B43}.Release|Any CPU.Build.0 = Release|x86
		{ECBF60CB-1CF0-4F92-8963-E73115B04B43}.Release|Mixed Platforms.ActiveCfg = Release|x86
		{ECBF60CB-1CF0-4F92-8963-E73115B04B43}.Release|Mixed Platforms.Build.0 = Release|x86
		{ECBF60CB-1CF0-4F92-8963-E73115B04B43}.Release|x86.ActiveCfg = Release|x86
		{ECBF60CB-1CF0-4F92-8963-E73115B04B43}.Release|x86.Build.0 = Release|x86
		{9D8DC781-2E0D-4348-BAD9-745F91428A3F}.Debug|Any CPU.ActiveCfg = Debug|x86
		{9D8DC781-2E0D-4348-BAD9-745F91428A3F}.Debug|Mixed Platforms.ActiveCfg = Debug|x86
		{9D8DC781-2E0D-4348-BAD9-745F91428A3F}.Debug|Mixed Platforms.Build.0 = Debug|x86
		{9D8DC781-2E0D-4348-BAD9-745F91428A3F}.Debug|x86.ActiveCfg = Debug|x86
		{9D8DC781-2E0D-4348-BAD9-745F91428A3F}.Debug|x86.Build.0 = Debug|x86
		{9D8DC781-2E0D-4348-BAD9-745F91428A3F}.Release|Any CPU.ActiveCfg = Release|x86
		{9D8DC781-2E0D-4348-BAD9-745F91428A3F}.Release|Mixed Platforms.ActiveCfg = Release|x86
		{9D8DC781-2E0D-4348-BAD9-745F91428A3F}.Release|Mixed Platforms.Build.0 = Release|x86
		{9D8DC781-2E0D-4348-BAD9-745F91428A3F}.Release|x86.ActiveCfg = Release|x86
		{9D8DC781-2E0D-4348-BAD9-745F91428A3F}.Release|x86.Build.0 = Release|x86
		{F945515B-394D-4ED4-80E0-98EB59B69D24}.Debug|Any CPU.ActiveCfg = Debug|x86
		{F945515B-394D-4ED4-80E0-98EB59B69D24}.Debug|Mixed Platforms.ActiveCfg = Debug|x86
		{F945515B-394D-4ED4-80E0-98EB59B69D24}.Debug|Mixed Platforms.Build.0 = Debug|x86
		{F945515B-394D-4ED4-80E0-98EB59B69D24}.Debug|x86.ActiveCfg = Debug|x86
		{F945515B-394D-4ED4-80E0-98EB59B69D24}.Debug|x86.Build.0 = Debug|x86
		{F945515B-394D-4ED4-80E0-98EB59B69D24}.Release|Any CPU.ActiveCfg = Release|x86
		{F945515B-394D-4ED4-80E0-98EB59B69D24}.Release|Mixed Platforms.ActiveCfg = Release|x86
		{F945515B-394D-4ED4-80E0-98EB59B69D24}.Release|Mixed Platforms.Build.0 = Release|x86
		{F945515B-394D-4ED4-80E0-98EB59B69D24}.Release|x86.ActiveCfg = Release|x86
		{F945515B-394D-4ED4-80E0-98EB59B69D24}.Release|x86.Build.0 = Release|x86
		{AAA20E99-A897-4C91-A23E-D02B8F08ACA5}.Debug|Any CPU.ActiveCfg = Debug|x86
		{AAA20E99-A897-4C91-A23E-D02B8F08ACA5}.Debug|Mixed Platforms.ActiveCfg = Debug|x86
		{AAA20E99-A897-4C91-A23E-D02B8F08ACA5}.Debug|Mixed Platforms.Build.0 = Debug|x86
		{AAA20E99-A897-4C91-A23E-D02B8F08ACA5}.Debug|x86.ActiveCfg = Debug|x86
		{AAA20E99-A897-4C91-A23E-D02B8F08ACA5}.Debug|x86.Build.0 = Debug|x86
		{AAA20E99-A897-4C91-A23E-D02B8F08ACA5}.Release|Any CPU.ActiveCfg = Release|x86
		{AAA20E99-A897-4C91-A23E-D02B8F08ACA5}.Release|Mixed Platforms.ActiveCfg = Release|x86
		{AAA20E99-A897-4C91-A23E-D02B8F08ACA5}.Release|Mixed Platforms.Build.0 = Release|x86
		{AAA20E99-A897-4C91-A23E-D02B8F08ACA5}.Release|x86.ActiveCfg = Release|x86
		{AAA20E99-A897-4C91-A23E-D02B8F08ACA5}.Release|x86.Build.0 = Release|x86
		{BC79B021-10E4-4D01-945A-7048FFF53A22}.Debug|Any CPU.ActiveCfg = Debug|x86
		{BC79B021-10E4-4D01-945A-7048FFF53A22}.Debug|Mixed Platforms.ActiveCfg = Debug|x86
		{BC79B021-10E4-4D01-945A-7048FFF53A22}.Debug|Mixed Platforms.Build.0 = Debug|x86
		{BC79B021-10E4-4D01-945A-7048FFF53A22}.Debug|x86.ActiveCfg = Debug|x86
		{BC79B021-10E4-4D01-945A-7048FFF53A22}.Debug|x86.Build.0 = Debug|x86
		{BC79B021-10E4-4D01-945A-7048FFF53A22}.Release|Any CPU.ActiveCfg = Release|x86
		{BC79B021-10E4-4D01-945A-7048FFF53A22}.Release|Mixed Platforms.ActiveCfg = Release|x86
		{BC79B021-10E4-4D01-945A-7048FFF53A22}.Release|Mixed Platforms.Build.0 = Release|x86
		{BC79B021-10E4-4D01-945A-7048FFF53A22}.Release|x86.ActiveCfg = Release|x86
		{BC79B021-10E4-4D01-945A-7048FFF53A22}.Release|x86.Build.0 = Release|x86
		{FA6E229D-4504-47B1-8A23-2D3FCC13F778}.Debug|Any CPU.ActiveCfg = Debug|Any CPU
		{FA6E229D-4504-47B1-8A23-2D3FCC13F778}.Debug|Mixed Platforms.ActiveCfg = Debug|Any CPU
		{FA6E229D-4504-47B1-8A23-2D3FCC13F778}.Debug|x86.ActiveCfg = Debug|Any CPU
		{FA6E229D-4504-47B1-8A23-2D3FCC13F778}.Release|Any CPU.ActiveCfg = Debug|Any CPU
		{FA6E229D-4504-47B1-8A23-2D3FCC13F778}.Release|Mixed Platforms.ActiveCfg = Debug|Any CPU
		{FA6E229D-4504-47B1-8A23-2D3FCC13F778}.Release|x86.ActiveCfg = Debug|Any CPU
		{6A582788-C4D2-410C-96CD-177F75712D65}.Debug|Any CPU.ActiveCfg = Debug|Any CPU
		{6A582788-C4D2-410C-96CD-177F75712D65}.Debug|Any CPU.Build.0 = Debug|Any CPU
		{6A582788-C4D2-410C-96CD-177F75712D65}.Debug|Mixed Platforms.ActiveCfg = Debug|Any CPU
		{6A582788-C4D2-410C-96CD-177F75712D65}.Debug|Mixed Platforms.Build.0 = Debug|Any CPU
		{6A582788-C4D2-410C-96CD-177F75712D65}.Debug|x86.ActiveCfg = Debug|Any CPU
		{6A582788-C4D2-410C-96CD-177F75712D65}.Release|Any CPU.ActiveCfg = Release|Any CPU
		{6A582788-C4D2-410C-96CD-177F75712D65}.Release|Any CPU.Build.0 = Release|Any CPU
		{6A582788-C4D2-410C-96CD-177F75712D65}.Release|Mixed Platforms.ActiveCfg = Release|Any CPU
		{6A582788-C4D2-410C-96CD-177F75712D65}.Release|Mixed Platforms.Build.0 = Release|Any CPU
		{6A582788-C4D2-410C-96CD-177F75712D65}.Release|x86.ActiveCfg = Release|Any CPU
		{45D6F4DE-5BB6-4E86-8C44-F9CA307AE43F}.Debug|Any CPU.ActiveCfg = Debug|x86
		{45D6F4DE-5BB6-4E86-8C44-F9CA307AE43F}.Debug|Mixed Platforms.ActiveCfg = Debug|x86
		{45D6F4DE-5BB6-4E86-8C44-F9CA307AE43F}.Debug|Mixed Platforms.Build.0 = Debug|x86
		{45D6F4DE-5BB6-4E86-8C44-F9CA307AE43F}.Debug|x86.ActiveCfg = Debug|x86
		{45D6F4DE-5BB6-4E86-8C44-F9CA307AE43F}.Debug|x86.Build.0 = Debug|x86
		{45D6F4DE-5BB6-4E86-8C44-F9CA307AE43F}.Release|Any CPU.ActiveCfg = Release|x86
		{45D6F4DE-5BB6-4E86-8C44-F9CA307AE43F}.Release|Mixed Platforms.ActiveCfg = Release|x86
		{45D6F4DE-5BB6-4E86-8C44-F9CA307AE43F}.Release|Mixed Platforms.Build.0 = Release|x86
		{45D6F4DE-5BB6-4E86-8C44-F9CA307AE43F}.Release|x86.ActiveCfg = Release|x86
		{45D6F4DE-5BB6-4E86-8C44-F9CA307AE43F}.Release|x86.Build.0 = Release|x86
		{A08575E0-7B21-4822-9D4C-6B9EEB7EFFF7}.Debug|Any CPU.ActiveCfg = Debug|x86
		{A08575E0-7B21-4822-9D4C-6B9EEB7EFFF7}.Debug|Mixed Platforms.ActiveCfg = Debug|x86
		{A08575E0-7B21-4822-9D4C-6B9EEB7EFFF7}.Debug|Mixed Platforms.Build.0 = Debug|x86
		{A08575E0-7B21-4822-9D4C-6B9EEB7EFFF7}.Debug|x86.ActiveCfg = Debug|x86
		{A08575E0-7B21-4822-9D4C-6B9EEB7EFFF7}.Debug|x86.Build.0 = Debug|x86
		{A08575E0-7B21-4822-9D4C-6B9EEB7EFFF7}.Release|Any CPU.ActiveCfg = Release|x86
		{A08575E0-7B21-4822-9D4C-6B9EEB7EFFF7}.Release|Mixed Platforms.ActiveCfg = Release|x86
		{A08575E0-7B21-4822-9D4C-6B9EEB7EFFF7}.Release|Mixed Platforms.Build.0 = Release|x86
		{A08575E0-7B21-4822-9D4C-6B9EEB7EFFF7}.Release|x86.ActiveCfg = Release|x86
		{A08575E0-7B21-4822-9D4C-6B9EEB7EFFF7}.Release|x86.Build.0 = Release|x86
		{B5209A04-B2F8-4033-A5E7-545BE771214C}.Debug|Any CPU.ActiveCfg = Debug|x86
		{B5209A04-B2F8-4033-A5E7-545BE771214C}.Debug|Mixed Platforms.ActiveCfg = Debug|x86
		{B5209A04-B2F8-4033-A5E7-545BE771214C}.Debug|Mixed Platforms.Build.0 = Debug|x86
		{B5209A04-B2F8-4033-A5E7-545BE771214C}.Debug|x86.ActiveCfg = Debug|x86
		{B5209A04-B2F8-4033-A5E7-545BE771214C}.Debug|x86.Build.0 = Debug|x86
		{B5209A04-B2F8-4033-A5E7-545BE771214C}.Release|Any CPU.ActiveCfg = Release|x86
		{B5209A04-B2F8-4033-A5E7-545BE771214C}.Release|Mixed Platforms.ActiveCfg = Release|x86
		{B5209A04-B2F8-4033-A5E7-545BE771214C}.Release|Mixed Platforms.Build.0 = Release|x86
		{B5209A04-B2F8-4033-A5E7-545BE771214C}.Release|x86.ActiveCfg = Release|x86
		{B5209A04-B2F8-4033-A5E7-545BE771214C}.Release|x86.Build.0 = Release|x86
		{A42413A9-5189-40CB-AACA-D50F24865431}.Debug|Any CPU.ActiveCfg = Debug|x86
		{A42413A9-5189-40CB-AACA-D50F24865431}.Debug|Mixed Platforms.ActiveCfg = Debug|x86
		{A42413A9-5189-40CB-AACA-D50F24865431}.Debug|Mixed Platforms.Build.0 = Debug|x86
		{A42413A9-5189-40CB-AACA-D50F24865431}.Debug|x86.ActiveCfg = Debug|x86
		{A42413A9-5189-40CB-AACA-D50F24865431}.Debug|x86.Build.0 = Debug|x86
		{A42413A9-5189-40CB-AACA-D50F24865431}.Release|Any CPU.ActiveCfg = Release|x86
		{A42413A9-5189-40CB-AACA-D50F24865431}.Release|Mixed Platforms.ActiveCfg = Release|x86
		{A42413A9-5189-40CB-AACA-D50F24865431}.Release|Mixed Platforms.Build.0 = Release|x86
		{A42413A9-5189-40CB-AACA-D50F24865431}.Release|x86.ActiveCfg = Release|x86
		{A42413A9-5189-40CB-AACA-D50F24865431}.Release|x86.Build.0 = Release|x86
		{D73E5FF4-AE88-4637-8159-120FBDA564BF}.Debug|Any CPU.ActiveCfg = Debug|x86
		{D73E5FF4-AE88-4637-8159-120FBDA564BF}.Debug|Mixed Platforms.ActiveCfg = Debug|x86
		{D73E5FF4-AE88-4637-8159-120FBDA564BF}.Debug|Mixed Platforms.Build.0 = Debug|x86
		{D73E5FF4-AE88-4637-8159-120FBDA564BF}.Debug|x86.ActiveCfg = Debug|x86
		{D73E5FF4-AE88-4637-8159-120FBDA564BF}.Debug|x86.Build.0 = Debug|x86
		{D73E5FF4-AE88-4637-8159-120FBDA564BF}.Release|Any CPU.ActiveCfg = Release|x86
		{D73E5FF4-AE88-4637-8159-120FBDA564BF}.Release|Mixed Platforms.ActiveCfg = Release|x86
		{D73E5FF4-AE88-4637-8159-120FBDA564BF}.Release|Mixed Platforms.Build.0 = Release|x86
		{D73E5FF4-AE88-4637-8159-120FBDA564BF}.Release|x86.ActiveCfg = Release|x86
		{D73E5FF4-AE88-4637-8159-120FBDA564BF}.Release|x86.Build.0 = Release|x86
		{5BE49183-2F6F-4527-AC90-D816911FCF90}.Debug|Any CPU.ActiveCfg = Debug|Any CPU
		{5BE49183-2F6F-4527-AC90-D816911FCF90}.Debug|Any CPU.Build.0 = Debug|Any CPU
		{5BE49183-2F6F-4527-AC90-D816911FCF90}.Debug|Mixed Platforms.ActiveCfg = Debug|Any CPU
		{5BE49183-2F6F-4527-AC90-D816911FCF90}.Debug|Mixed Platforms.Build.0 = Debug|Any CPU
		{5BE49183-2F6F-4527-AC90-D816911FCF90}.Debug|x86.ActiveCfg = Debug|Any CPU
		{5BE49183-2F6F-4527-AC90-D816911FCF90}.Release|Any CPU.ActiveCfg = Release|Any CPU
		{5BE49183-2F6F-4527-AC90-D816911FCF90}.Release|Any CPU.Build.0 = Release|Any CPU
		{5BE49183-2F6F-4527-AC90-D816911FCF90}.Release|Mixed Platforms.ActiveCfg = Release|Any CPU
		{5BE49183-2F6F-4527-AC90-D816911FCF90}.Release|Mixed Platforms.Build.0 = Release|Any CPU
		{5BE49183-2F6F-4527-AC90-D816911FCF90}.Release|x86.ActiveCfg = Release|Any CPU
		{EB8258E0-6741-4DB9-B756-1EBDF67B1ED6}.Debug|Any CPU.ActiveCfg = Debug|Any CPU
		{EB8258E0-6741-4DB9-B756-1EBDF67B1ED6}.Debug|Any CPU.Build.0 = Debug|Any CPU
		{EB8258E0-6741-4DB9-B756-1EBDF67B1ED6}.Debug|Mixed Platforms.ActiveCfg = Debug|Any CPU
		{EB8258E0-6741-4DB9-B756-1EBDF67B1ED6}.Debug|Mixed Platforms.Build.0 = Debug|Any CPU
		{EB8258E0-6741-4DB9-B756-1EBDF67B1ED6}.Debug|x86.ActiveCfg = Debug|Any CPU
		{EB8258E0-6741-4DB9-B756-1EBDF67B1ED6}.Release|Any CPU.ActiveCfg = Release|Any CPU
		{EB8258E0-6741-4DB9-B756-1EBDF67B1ED6}.Release|Any CPU.Build.0 = Release|Any CPU
		{EB8258E0-6741-4DB9-B756-1EBDF67B1ED6}.Release|Mixed Platforms.ActiveCfg = Release|Any CPU
		{EB8258E0-6741-4DB9-B756-1EBDF67B1ED6}.Release|Mixed Platforms.Build.0 = Release|Any CPU
		{EB8258E0-6741-4DB9-B756-1EBDF67B1ED6}.Release|x86.ActiveCfg = Release|Any CPU
		{B30DE9C2-0926-46B6-8351-9AF276C472D5}.Debug|Any CPU.ActiveCfg = Debug|x86
		{B30DE9C2-0926-46B6-8351-9AF276C472D5}.Debug|Mixed Platforms.ActiveCfg = Debug|x86
		{B30DE9C2-0926-46B6-8351-9AF276C472D5}.Debug|Mixed Platforms.Build.0 = Debug|x86
		{B30DE9C2-0926-46B6-8351-9AF276C472D5}.Debug|x86.ActiveCfg = Debug|x86
		{B30DE9C2-0926-46B6-8351-9AF276C472D5}.Debug|x86.Build.0 = Debug|x86
		{B30DE9C2-0926-46B6-8351-9AF276C472D5}.Release|Any CPU.ActiveCfg = Release|x86
		{B30DE9C2-0926-46B6-8351-9AF276C472D5}.Release|Mixed Platforms.ActiveCfg = Release|x86
		{B30DE9C2-0926-46B6-8351-9AF276C472D5}.Release|Mixed Platforms.Build.0 = Release|x86
		{B30DE9C2-0926-46B6-8351-9AF276C472D5}.Release|x86.ActiveCfg = Release|x86
		{B30DE9C2-0926-46B6-8351-9AF276C472D5}.Release|x86.Build.0 = Release|x86
		{05233BB1-444F-43F6-A3DF-B82AA924E094}.Debug|Any CPU.ActiveCfg = Debug|x86
		{05233BB1-444F-43F6-A3DF-B82AA924E094}.Debug|Mixed Platforms.ActiveCfg = Debug|x86
		{05233BB1-444F-43F6-A3DF-B82AA924E094}.Debug|Mixed Platforms.Build.0 = Debug|x86
		{05233BB1-444F-43F6-A3DF-B82AA924E094}.Debug|x86.ActiveCfg = Debug|x86
		{05233BB1-444F-43F6-A3DF-B82AA924E094}.Debug|x86.Build.0 = Debug|x86
		{05233BB1-444F-43F6-A3DF-B82AA924E094}.Release|Any CPU.ActiveCfg = Release|x86
		{05233BB1-444F-43F6-A3DF-B82AA924E094}.Release|Mixed Platforms.ActiveCfg = Release|x86
		{05233BB1-444F-43F6-A3DF-B82AA924E094}.Release|Mixed Platforms.Build.0 = Release|x86
		{05233BB1-444F-43F6-A3DF-B82AA924E094}.Release|x86.ActiveCfg = Release|x86
		{05233BB1-444F-43F6-A3DF-B82AA924E094}.Release|x86.Build.0 = Release|x86
		{71378D2F-0DCD-4413-8DE0-3FEC0BA04E27}.Debug|Any CPU.ActiveCfg = Debug|x86
		{71378D2F-0DCD-4413-8DE0-3FEC0BA04E27}.Debug|Mixed Platforms.ActiveCfg = Debug|x86
		{71378D2F-0DCD-4413-8DE0-3FEC0BA04E27}.Debug|Mixed Platforms.Build.0 = Debug|x86
		{71378D2F-0DCD-4413-8DE0-3FEC0BA04E27}.Debug|x86.ActiveCfg = Debug|x86
		{71378D2F-0DCD-4413-8DE0-3FEC0BA04E27}.Debug|x86.Build.0 = Debug|x86
		{71378D2F-0DCD-4413-8DE0-3FEC0BA04E27}.Release|Any CPU.ActiveCfg = Release|x86
		{71378D2F-0DCD-4413-8DE0-3FEC0BA04E27}.Release|Mixed Platforms.ActiveCfg = Release|x86
		{71378D2F-0DCD-4413-8DE0-3FEC0BA04E27}.Release|Mixed Platforms.Build.0 = Release|x86
		{71378D2F-0DCD-4413-8DE0-3FEC0BA04E27}.Release|x86.ActiveCfg = Release|x86
		{71378D2F-0DCD-4413-8DE0-3FEC0BA04E27}.Release|x86.Build.0 = Release|x86
		{41E6C2CF-51EA-4D8E-96AE-739CA3951766}.Debug|Any CPU.ActiveCfg = Debug|x86
		{41E6C2CF-51EA-4D8E-96AE-739CA3951766}.Debug|Mixed Platforms.ActiveCfg = Debug|x86
		{41E6C2CF-51EA-4D8E-96AE-739CA3951766}.Debug|Mixed Platforms.Build.0 = Debug|x86
		{41E6C2CF-51EA-4D8E-96AE-739CA3951766}.Debug|x86.ActiveCfg = Debug|x86
		{41E6C2CF-51EA-4D8E-96AE-739CA3951766}.Debug|x86.Build.0 = Debug|x86
		{41E6C2CF-51EA-4D8E-96AE-739CA3951766}.Release|Any CPU.ActiveCfg = Release|x86
		{41E6C2CF-51EA-4D8E-96AE-739CA3951766}.Release|Mixed Platforms.ActiveCfg = Release|x86
		{41E6C2CF-51EA-4D8E-96AE-739CA3951766}.Release|Mixed Platforms.Build.0 = Release|x86
		{41E6C2CF-51EA-4D8E-96AE-739CA3951766}.Release|x86.ActiveCfg = Release|x86
		{41E6C2CF-51EA-4D8E-96AE-739CA3951766}.Release|x86.Build.0 = Release|x86
		{57097B7A-A283-4409-8AAC-35BF0F458657}.Debug|Any CPU.ActiveCfg = Debug|x86
		{57097B7A-A283-4409-8AAC-35BF0F458657}.Debug|Mixed Platforms.ActiveCfg = Debug|x86
		{57097B7A-A283-4409-8AAC-35BF0F458657}.Debug|Mixed Platforms.Build.0 = Debug|x86
		{57097B7A-A283-4409-8AAC-35BF0F458657}.Debug|x86.ActiveCfg = Debug|x86
		{57097B7A-A283-4409-8AAC-35BF0F458657}.Debug|x86.Build.0 = Debug|x86
		{57097B7A-A283-4409-8AAC-35BF0F458657}.Release|Any CPU.ActiveCfg = Release|x86
		{57097B7A-A283-4409-8AAC-35BF0F458657}.Release|Mixed Platforms.ActiveCfg = Release|x86
		{57097B7A-A283-4409-8AAC-35BF0F458657}.Release|Mixed Platforms.Build.0 = Release|x86
		{57097B7A-A283-4409-8AAC-35BF0F458657}.Release|x86.ActiveCfg = Release|x86
		{57097B7A-A283-4409-8AAC-35BF0F458657}.Release|x86.Build.0 = Release|x86
		{14EF49AB-6D3F-458D-9D5C-D120B86EDD7A}.Debug|Any CPU.ActiveCfg = Debug|Any CPU
		{14EF49AB-6D3F-458D-9D5C-D120B86EDD7A}.Debug|Any CPU.Build.0 = Debug|Any CPU
		{14EF49AB-6D3F-458D-9D5C-D120B86EDD7A}.Debug|Mixed Platforms.ActiveCfg = Debug|Any CPU
		{14EF49AB-6D3F-458D-9D5C-D120B86EDD7A}.Debug|Mixed Platforms.Build.0 = Debug|Any CPU
		{14EF49AB-6D3F-458D-9D5C-D120B86EDD7A}.Debug|x86.ActiveCfg = Debug|Any CPU
		{14EF49AB-6D3F-458D-9D5C-D120B86EDD7A}.Release|Any CPU.ActiveCfg = Release|Any CPU
		{14EF49AB-6D3F-458D-9D5C-D120B86EDD7A}.Release|Any CPU.Build.0 = Release|Any CPU
		{14EF49AB-6D3F-458D-9D5C-D120B86EDD7A}.Release|Mixed Platforms.ActiveCfg = Release|Any CPU
		{14EF49AB-6D3F-458D-9D5C-D120B86EDD7A}.Release|Mixed Platforms.Build.0 = Release|Any CPU
		{14EF49AB-6D3F-458D-9D5C-D120B86EDD7A}.Release|x86.ActiveCfg = Release|Any CPU
		{DB88DDEB-7281-405D-8FCA-5681B6B2BD7A}.Debug|Any CPU.ActiveCfg = Debug|Any CPU
		{DB88DDEB-7281-405D-8FCA-5681B6B2BD7A}.Debug|Any CPU.Build.0 = Debug|Any CPU
		{DB88DDEB-7281-405D-8FCA-5681B6B2BD7A}.Debug|Mixed Platforms.ActiveCfg = Debug|Any CPU
		{DB88DDEB-7281-405D-8FCA-5681B6B2BD7A}.Debug|Mixed Platforms.Build.0 = Debug|Any CPU
		{DB88DDEB-7281-405D-8FCA-5681B6B2BD7A}.Debug|x86.ActiveCfg = Debug|Any CPU
		{DB88DDEB-7281-405D-8FCA-5681B6B2BD7A}.Release|Any CPU.ActiveCfg = Release|Any CPU
		{DB88DDEB-7281-405D-8FCA-5681B6B2BD7A}.Release|Any CPU.Build.0 = Release|Any CPU
		{DB88DDEB-7281-405D-8FCA-5681B6B2BD7A}.Release|Mixed Platforms.ActiveCfg = Release|Any CPU
		{DB88DDEB-7281-405D-8FCA-5681B6B2BD7A}.Release|Mixed Platforms.Build.0 = Release|Any CPU
		{DB88DDEB-7281-405D-8FCA-5681B6B2BD7A}.Release|x86.ActiveCfg = Release|Any CPU
		{FF0AB665-2796-4354-9630-76C2751DB3C2}.Debug|Any CPU.ActiveCfg = Debug|Any CPU
		{FF0AB665-2796-4354-9630-76C2751DB3C2}.Debug|Any CPU.Build.0 = Debug|Any CPU
		{FF0AB665-2796-4354-9630-76C2751DB3C2}.Debug|Mixed Platforms.ActiveCfg = Debug|Any CPU
		{FF0AB665-2796-4354-9630-76C2751DB3C2}.Debug|Mixed Platforms.Build.0 = Debug|Any CPU
		{FF0AB665-2796-4354-9630-76C2751DB3C2}.Debug|x86.ActiveCfg = Debug|Any CPU
		{FF0AB665-2796-4354-9630-76C2751DB3C2}.Release|Any CPU.ActiveCfg = Release|Any CPU
		{FF0AB665-2796-4354-9630-76C2751DB3C2}.Release|Any CPU.Build.0 = Release|Any CPU
		{FF0AB665-2796-4354-9630-76C2751DB3C2}.Release|Mixed Platforms.ActiveCfg = Release|Any CPU
		{FF0AB665-2796-4354-9630-76C2751DB3C2}.Release|Mixed Platforms.Build.0 = Release|Any CPU
		{FF0AB665-2796-4354-9630-76C2751DB3C2}.Release|x86.ActiveCfg = Release|Any CPU
		{160150D5-38E6-482D-97F5-2624F322A854}.Debug|Any CPU.ActiveCfg = Debug|x86
		{160150D5-38E6-482D-97F5-2624F322A854}.Debug|Mixed Platforms.ActiveCfg = Debug|x86
		{160150D5-38E6-482D-97F5-2624F322A854}.Debug|Mixed Platforms.Build.0 = Debug|x86
		{160150D5-38E6-482D-97F5-2624F322A854}.Debug|x86.ActiveCfg = Debug|x86
		{160150D5-38E6-482D-97F5-2624F322A854}.Debug|x86.Build.0 = Debug|x86
		{160150D5-38E6-482D-97F5-2624F322A854}.Release|Any CPU.ActiveCfg = Release|x86
		{160150D5-38E6-482D-97F5-2624F322A854}.Release|Mixed Platforms.ActiveCfg = Release|x86
		{160150D5-38E6-482D-97F5-2624F322A854}.Release|Mixed Platforms.Build.0 = Release|x86
		{160150D5-38E6-482D-97F5-2624F322A854}.Release|x86.ActiveCfg = Release|x86
		{160150D5-38E6-482D-97F5-2624F322A854}.Release|x86.Build.0 = Release|x86
		{49066074-3B7B-4A55-B122-6BD33AB73558}.Debug|Any CPU.ActiveCfg = Debug|Any CPU
		{49066074-3B7B-4A55-B122-6BD33AB73558}.Debug|Any CPU.Build.0 = Debug|Any CPU
		{49066074-3B7B-4A55-B122-6BD33AB73558}.Debug|Mixed Platforms.ActiveCfg = Debug|Any CPU
		{49066074-3B7B-4A55-B122-6BD33AB73558}.Debug|Mixed Platforms.Build.0 = Debug|Any CPU
		{49066074-3B7B-4A55-B122-6BD33AB73558}.Debug|x86.ActiveCfg = Debug|Any CPU
		{49066074-3B7B-4A55-B122-6BD33AB73558}.Release|Any CPU.ActiveCfg = Release|Any CPU
		{49066074-3B7B-4A55-B122-6BD33AB73558}.Release|Any CPU.Build.0 = Release|Any CPU
		{49066074-3B7B-4A55-B122-6BD33AB73558}.Release|Mixed Platforms.ActiveCfg = Release|Any CPU
		{49066074-3B7B-4A55-B122-6BD33AB73558}.Release|Mixed Platforms.Build.0 = Release|Any CPU
		{49066074-3B7B-4A55-B122-6BD33AB73558}.Release|x86.ActiveCfg = Release|Any CPU
		{60D08399-244F-46A3-91F1-4CFD26D961A3}.Debug|Any CPU.ActiveCfg = Debug|Any CPU
		{60D08399-244F-46A3-91F1-4CFD26D961A3}.Debug|Any CPU.Build.0 = Debug|Any CPU
		{60D08399-244F-46A3-91F1-4CFD26D961A3}.Debug|Mixed Platforms.ActiveCfg = Debug|Any CPU
		{60D08399-244F-46A3-91F1-4CFD26D961A3}.Debug|Mixed Platforms.Build.0 = Debug|Any CPU
		{60D08399-244F-46A3-91F1-4CFD26D961A3}.Debug|x86.ActiveCfg = Debug|Any CPU
		{60D08399-244F-46A3-91F1-4CFD26D961A3}.Release|Any CPU.ActiveCfg = Release|Any CPU
		{60D08399-244F-46A3-91F1-4CFD26D961A3}.Release|Any CPU.Build.0 = Release|Any CPU
		{60D08399-244F-46A3-91F1-4CFD26D961A3}.Release|Mixed Platforms.ActiveCfg = Release|Any CPU
		{60D08399-244F-46A3-91F1-4CFD26D961A3}.Release|Mixed Platforms.Build.0 = Release|Any CPU
		{60D08399-244F-46A3-91F1-4CFD26D961A3}.Release|x86.ActiveCfg = Release|Any CPU
		{5CA3CDF5-4D2C-42AC-AD08-641BD3992B75}.Debug|Any CPU.ActiveCfg = Debug|Any CPU
		{5CA3CDF5-4D2C-42AC-AD08-641BD3992B75}.Debug|Any CPU.Build.0 = Debug|Any CPU
		{5CA3CDF5-4D2C-42AC-AD08-641BD3992B75}.Debug|Mixed Platforms.ActiveCfg = Debug|Any CPU
		{5CA3CDF5-4D2C-42AC-AD08-641BD3992B75}.Debug|Mixed Platforms.Build.0 = Debug|Any CPU
		{5CA3CDF5-4D2C-42AC-AD08-641BD3992B75}.Debug|x86.ActiveCfg = Debug|Any CPU
		{5CA3CDF5-4D2C-42AC-AD08-641BD3992B75}.Release|Any CPU.ActiveCfg = Release|Any CPU
		{5CA3CDF5-4D2C-42AC-AD08-641BD3992B75}.Release|Any CPU.Build.0 = Release|Any CPU
		{5CA3CDF5-4D2C-42AC-AD08-641BD3992B75}.Release|Mixed Platforms.ActiveCfg = Release|Any CPU
		{5CA3CDF5-4D2C-42AC-AD08-641BD3992B75}.Release|Mixed Platforms.Build.0 = Release|Any CPU
		{5CA3CDF5-4D2C-42AC-AD08-641BD3992B75}.Release|x86.ActiveCfg = Release|Any CPU
		{E5D69E75-D77C-493F-BBDA-6F9E73B82549}.Debug|Any CPU.ActiveCfg = Debug|x86
		{E5D69E75-D77C-493F-BBDA-6F9E73B82549}.Debug|Mixed Platforms.ActiveCfg = Debug|x86
		{E5D69E75-D77C-493F-BBDA-6F9E73B82549}.Debug|Mixed Platforms.Build.0 = Debug|x86
		{E5D69E75-D77C-493F-BBDA-6F9E73B82549}.Debug|x86.ActiveCfg = Debug|x86
		{E5D69E75-D77C-493F-BBDA-6F9E73B82549}.Debug|x86.Build.0 = Debug|x86
		{E5D69E75-D77C-493F-BBDA-6F9E73B82549}.Release|Any CPU.ActiveCfg = Release|x86
		{E5D69E75-D77C-493F-BBDA-6F9E73B82549}.Release|Mixed Platforms.ActiveCfg = Release|x86
		{E5D69E75-D77C-493F-BBDA-6F9E73B82549}.Release|Mixed Platforms.Build.0 = Release|x86
		{E5D69E75-D77C-493F-BBDA-6F9E73B82549}.Release|x86.ActiveCfg = Release|x86
		{E5D69E75-D77C-493F-BBDA-6F9E73B82549}.Release|x86.Build.0 = Release|x86
		{5040A9C7-6DEC-4613-8586-A598C4070B35}.Debug|Any CPU.ActiveCfg = Debug|Any CPU
		{5040A9C7-6DEC-4613-8586-A598C4070B35}.Debug|Any CPU.Build.0 = Debug|Any CPU
		{5040A9C7-6DEC-4613-8586-A598C4070B35}.Debug|Mixed Platforms.ActiveCfg = Debug|Any CPU
		{5040A9C7-6DEC-4613-8586-A598C4070B35}.Debug|Mixed Platforms.Build.0 = Debug|Any CPU
		{5040A9C7-6DEC-4613-8586-A598C4070B35}.Debug|x86.ActiveCfg = Debug|Any CPU
		{5040A9C7-6DEC-4613-8586-A598C4070B35}.Release|Any CPU.ActiveCfg = Release|Any CPU
		{5040A9C7-6DEC-4613-8586-A598C4070B35}.Release|Any CPU.Build.0 = Release|Any CPU
		{5040A9C7-6DEC-4613-8586-A598C4070B35}.Release|Mixed Platforms.ActiveCfg = Release|Any CPU
		{5040A9C7-6DEC-4613-8586-A598C4070B35}.Release|Mixed Platforms.Build.0 = Release|Any CPU
		{5040A9C7-6DEC-4613-8586-A598C4070B35}.Release|x86.ActiveCfg = Release|Any CPU
		{9C9C6245-35C2-4230-8E17-9038A228227F}.Debug|Any CPU.ActiveCfg = Debug|x86
		{9C9C6245-35C2-4230-8E17-9038A228227F}.Debug|Mixed Platforms.ActiveCfg = Debug|x86
		{9C9C6245-35C2-4230-8E17-9038A228227F}.Debug|Mixed Platforms.Build.0 = Debug|x86
		{9C9C6245-35C2-4230-8E17-9038A228227F}.Debug|x86.ActiveCfg = Debug|x86
		{9C9C6245-35C2-4230-8E17-9038A228227F}.Debug|x86.Build.0 = Debug|x86
		{9C9C6245-35C2-4230-8E17-9038A228227F}.Release|Any CPU.ActiveCfg = Release|x86
		{9C9C6245-35C2-4230-8E17-9038A228227F}.Release|Mixed Platforms.ActiveCfg = Release|x86
		{9C9C6245-35C2-4230-8E17-9038A228227F}.Release|Mixed Platforms.Build.0 = Release|x86
		{9C9C6245-35C2-4230-8E17-9038A228227F}.Release|x86.ActiveCfg = Release|x86
		{9C9C6245-35C2-4230-8E17-9038A228227F}.Release|x86.Build.0 = Release|x86
		{97185A92-077D-4498-8B6A-8BFF04079044}.Debug|Any CPU.ActiveCfg = Debug|Any CPU
		{97185A92-077D-4498-8B6A-8BFF04079044}.Debug|Any CPU.Build.0 = Debug|Any CPU
		{97185A92-077D-4498-8B6A-8BFF04079044}.Debug|Mixed Platforms.ActiveCfg = Debug|Any CPU
		{97185A92-077D-4498-8B6A-8BFF04079044}.Debug|Mixed Platforms.Build.0 = Debug|Any CPU
		{97185A92-077D-4498-8B6A-8BFF04079044}.Debug|x86.ActiveCfg = Debug|Any CPU
		{97185A92-077D-4498-8B6A-8BFF04079044}.Release|Any CPU.ActiveCfg = Release|Any CPU
		{97185A92-077D-4498-8B6A-8BFF04079044}.Release|Any CPU.Build.0 = Release|Any CPU
		{97185A92-077D-4498-8B6A-8BFF04079044}.Release|Mixed Platforms.ActiveCfg = Release|Any CPU
		{97185A92-077D-4498-8B6A-8BFF04079044}.Release|Mixed Platforms.Build.0 = Release|Any CPU
		{97185A92-077D-4498-8B6A-8BFF04079044}.Release|x86.ActiveCfg = Release|Any CPU
		{ED081799-AB02-4793-96F8-F9EA7F3192E3}.Debug|Any CPU.ActiveCfg = Debug|x86
		{ED081799-AB02-4793-96F8-F9EA7F3192E3}.Debug|Mixed Platforms.ActiveCfg = Debug|x86
		{ED081799-AB02-4793-96F8-F9EA7F3192E3}.Debug|Mixed Platforms.Build.0 = Debug|x86
		{ED081799-AB02-4793-96F8-F9EA7F3192E3}.Debug|x86.ActiveCfg = Debug|x86
		{ED081799-AB02-4793-96F8-F9EA7F3192E3}.Debug|x86.Build.0 = Debug|x86
		{ED081799-AB02-4793-96F8-F9EA7F3192E3}.Release|Any CPU.ActiveCfg = Release|x86
		{ED081799-AB02-4793-96F8-F9EA7F3192E3}.Release|Mixed Platforms.ActiveCfg = Release|x86
		{ED081799-AB02-4793-96F8-F9EA7F3192E3}.Release|Mixed Platforms.Build.0 = Release|x86
		{ED081799-AB02-4793-96F8-F9EA7F3192E3}.Release|x86.ActiveCfg = Release|x86
		{ED081799-AB02-4793-96F8-F9EA7F3192E3}.Release|x86.Build.0 = Release|x86
	EndGlobalSection
	GlobalSection(SolutionProperties) = preSolution
		HideSolutionNode = FALSE
	EndGlobalSection
	GlobalSection(NestedProjects) = preSolution
		{9D8DC781-2E0D-4348-BAD9-745F91428A3F} = {B24A8593-562A-4A25-BB08-46C163F10F3F}
		{B5209A04-B2F8-4033-A5E7-545BE771214C} = {B24A8593-562A-4A25-BB08-46C163F10F3F}
		{D73E5FF4-AE88-4637-8159-120FBDA564BF} = {B24A8593-562A-4A25-BB08-46C163F10F3F}
		{5BE49183-2F6F-4527-AC90-D816911FCF90} = {D421509A-9AE3-4D7E-881B-EAFED598B028}
		{EB8258E0-6741-4DB9-B756-1EBDF67B1ED6} = {D421509A-9AE3-4D7E-881B-EAFED598B028}
		{B30DE9C2-0926-46B6-8351-9AF276C472D5} = {D421509A-9AE3-4D7E-881B-EAFED598B028}
		{FF0AB665-2796-4354-9630-76C2751DB3C2} = {D421509A-9AE3-4D7E-881B-EAFED598B028}
		{F945515B-394D-4ED4-80E0-98EB59B69D24} = {9B0DD48B-3912-4F33-AF3F-691AF02B73F9}
		{AAA20E99-A897-4C91-A23E-D02B8F08ACA5} = {9B0DD48B-3912-4F33-AF3F-691AF02B73F9}
		{BC79B021-10E4-4D01-945A-7048FFF53A22} = {9B0DD48B-3912-4F33-AF3F-691AF02B73F9}
		{FA6E229D-4504-47B1-8A23-2D3FCC13F778} = {9B0DD48B-3912-4F33-AF3F-691AF02B73F9}
		{45D6F4DE-5BB6-4E86-8C44-F9CA307AE43F} = {9B0DD48B-3912-4F33-AF3F-691AF02B73F9}
		{A08575E0-7B21-4822-9D4C-6B9EEB7EFFF7} = {9B0DD48B-3912-4F33-AF3F-691AF02B73F9}
		{A42413A9-5189-40CB-AACA-D50F24865431} = {9B0DD48B-3912-4F33-AF3F-691AF02B73F9}
		{05233BB1-444F-43F6-A3DF-B82AA924E094} = {9B0DD48B-3912-4F33-AF3F-691AF02B73F9}
		{71378D2F-0DCD-4413-8DE0-3FEC0BA04E27} = {9B0DD48B-3912-4F33-AF3F-691AF02B73F9}
		{41E6C2CF-51EA-4D8E-96AE-739CA3951766} = {9B0DD48B-3912-4F33-AF3F-691AF02B73F9}
		{57097B7A-A283-4409-8AAC-35BF0F458657} = {9B0DD48B-3912-4F33-AF3F-691AF02B73F9}
		{160150D5-38E6-482D-97F5-2624F322A854} = {9B0DD48B-3912-4F33-AF3F-691AF02B73F9}
		{9C9C6245-35C2-4230-8E17-9038A228227F} = {9B0DD48B-3912-4F33-AF3F-691AF02B73F9}
		{ED081799-AB02-4793-96F8-F9EA7F3192E3} = {9B0DD48B-3912-4F33-AF3F-691AF02B73F9}
		{DB88DDEB-7281-405D-8FCA-5681B6B2BD7A} = {7AD65E6B-2A48-437F-81D9-4CA9C9A85C64}
		{49066074-3B7B-4A55-B122-6BD33AB73558} = {7AD65E6B-2A48-437F-81D9-4CA9C9A85C64}
		{60D08399-244F-46A3-91F1-4CFD26D961A3} = {7AD65E6B-2A48-437F-81D9-4CA9C9A85C64}
		{5CA3CDF5-4D2C-42AC-AD08-641BD3992B75} = {7AD65E6B-2A48-437F-81D9-4CA9C9A85C64}
		{E5D69E75-D77C-493F-BBDA-6F9E73B82549} = {7AD65E6B-2A48-437F-81D9-4CA9C9A85C64}
		{5040A9C7-6DEC-4613-8586-A598C4070B35} = {7AD65E6B-2A48-437F-81D9-4CA9C9A85C64}
		{6A582788-C4D2-410C-96CD-177F75712D65} = {5725DA44-4F5C-4E93-A957-AC5C85603EE9}
		{14EF49AB-6D3F-458D-9D5C-D120B86EDD7A} = {5725DA44-4F5C-4E93-A957-AC5C85603EE9}
		{CCB4679D-11AF-4EC6-AAA4-36619FCE70FA} = {60824BDB-AC8A-42ED-9B79-111FB44669FF}
		{E4FFD875-95FC-48F2-8B6D-8483D0B71666} = {60824BDB-AC8A-42ED-9B79-111FB44669FF}
		{BD648BB8-EF28-453C-B4F5-EE3C93EB4DAF} = {60824BDB-AC8A-42ED-9B79-111FB44669FF}
		{6285F3EF-07DB-49C9-8CDE-A9092789FE4F} = {60824BDB-AC8A-42ED-9B79-111FB44669FF}
		{97185A92-077D-4498-8B6A-8BFF04079044} = {6EDED295-0F32-4D05-A8EA-02F4BF89CF35}
	EndGlobalSection
	GlobalSection(SubversionScc) = preSolution
		Svn-Managed = True
		Manager = AnkhSVN - Subversion Support for Visual Studio
	EndGlobalSection
EndGlobal
