
Microsoft Visual Studio Solution File, Format Version 12.00
# Visual Studio 2013
VisualStudioVersion = 12.0.31101.0
MinimumVisualStudioVersion = 10.0.40219.1
Project("{FAE04EC0-301F-11D3-BF4B-00C04F79EFBC}") = "AlphaTestEffectSample", "AlphaTestEffectSample\AlphaTestEffectSample.csproj", "{0005BDAA-F232-45C3-8D37-7E4FF7A1F605}"
EndProject
Project("{75EFAE60-726E-430F-8661-4CF9ABD1306C}") = "SampleContent", "SampleContent\SampleContent.cproj", "{75EFAE60-726E-430F-8661-4CF9ABD1306C}"
EndProject
Global
	GlobalSection(SolutionConfigurationPlatforms) = preSolution
		Debug|Any CPU = Debug|Any CPU
		Debug|Mixed Platforms = Debug|Mixed Platforms
		Debug|x86 = Debug|x86
		Release|Any CPU = Release|Any CPU
		Release|Mixed Platforms = Release|Mixed Platforms
		Release|x86 = Release|x86
	EndGlobalSection
	GlobalSection(ProjectConfigurationPlatforms) = postSolution
		{0005BDAA-F232-45C3-8D37-7E4FF7A1F605}.Debug|Any CPU.ActiveCfg = Debug|x86
		{0005BDAA-F232-45C3-8D37-7E4FF7A1F605}.Debug|Mixed Platforms.ActiveCfg = Debug|x86
		{0005BDAA-F232-45C3-8D37-7E4FF7A1F605}.Debug|x86.ActiveCfg = Debug|x86
		{0005BDAA-F232-45C3-8D37-7E4FF7A1F605}.Release|Any CPU.ActiveCfg = Release|x86
		{0005BDAA-F232-45C3-8D37-7E4FF7A1F605}.Release|Mixed Platforms.ActiveCfg = Release|x86
		{0005BDAA-F232-45C3-8D37-7E4FF7A1F605}.Release|x86.ActiveCfg = Release|x86
		{75EFAE60-726E-430F-8661-4CF9ABD1306C}.Debug|Any CPU.ActiveCfg = Debug|Windows
		{75EFAE60-726E-430F-8661-4CF9ABD1306C}.Debug|Mixed Platforms.ActiveCfg = Debug|Windows
		{75EFAE60-726E-430F-8661-4CF9ABD1306C}.Debug|Mixed Platforms.Build.0 = Debug|Windows
		{75EFAE60-726E-430F-8661-4CF9ABD1306C}.Debug|x86.ActiveCfg = Debug|Windows
		{75EFAE60-726E-430F-8661-4CF9ABD1306C}.Release|Any CPU.ActiveCfg = Release|Android
		{75EFAE60-726E-430F-8661-4CF9ABD1306C}.Release|Mixed Platforms.ActiveCfg = Release|XBox 360
		{75EFAE60-726E-430F-8661-4CF9ABD1306C}.Release|Mixed Platforms.Build.0 = Release|XBox 360
		{75EFAE60-726E-430F-8661-4CF9ABD1306C}.Release|x86.ActiveCfg = Release|XBox 360
	EndGlobalSection
	GlobalSection(SolutionProperties) = preSolution
		HideSolutionNode = FALSE
	EndGlobalSection
EndGlobal
