
Microsoft Visual Studio Solution File, Format Version 12.00
# Visual Studio 2012
Project("{FAE04EC0-301F-11D3-BF4B-00C04F79EFBC}") = "VertexIndexBuffer", "VertexIndexBuffer\VertexIndexBuffer.csproj", "{F945515B-394D-4ED4-80E0-98EB59B69D24}"
EndProject
Project("{FAE04EC0-301F-11D3-BF4B-00C04F79EFBC}") = "SampleContent", "SampleContent\SampleContent.contentproj", "{FA6E229D-4504-47B1-8A23-2D3FCC13F778}"
EndProject
Project("{FAE04EC0-301F-11D3-BF4B-00C04F79EFBC}") = "SimpleSprite", "SimpleSprite\SimpleSprite.csproj", "{AAA20E99-A897-4C91-A23E-D02B8F08ACA5}"
EndProject
Project("{FAE04EC0-301F-11D3-BF4B-00C04F79EFBC}") = "TextRendering", "TextRendering\TextRendering.csproj", "{BC79B021-10E4-4D01-945A-7048FFF53A22}"
EndProject
Project("{FAE04EC0-301F-11D3-BF4B-00C04F79EFBC}") = "WindowsGame", "WindowsGame\WindowsGame.csproj", "{A08575E0-7B21-4822-9D4C-6B9EEB7EFFF7}"
EndProject
Project("{FAE04EC0-301F-11D3-BF4B-00C04F79EFBC}") = "Kinect", "Kinect\Kinect.csproj", "{A42413A9-5189-40CB-AACA-D50F24865431}"
EndProject
Project("{FAE04EC0-301F-11D3-BF4B-00C04F79EFBC}") = "KeyboardSample", "KeyboardSample\KeyboardSample.csproj", "{05233BB1-444F-43F6-A3DF-B82AA924E094}"
EndProject
Project("{FAE04EC0-301F-11D3-BF4B-00C04F79EFBC}") = "ModelSample", "ModelSample\ModelSample\ModelSample.csproj", "{ED081799-AB02-4793-96F8-F9EA7F3192E3}"
EndProject
Project("{FAE04EC0-301F-11D3-BF4B-00C04F79EFBC}") = "MultiRenderTarget", "MultiRenderTarget\MultiRenderTarget.csproj", "{9C9C6245-35C2-4230-8E17-9038A228227F}"
EndProject
Project("{FAE04EC0-301F-11D3-BF4B-00C04F79EFBC}") = "Primitives", "Primitives\Primitives.csproj", "{57097B7A-A283-4409-8AAC-35BF0F458657}"
EndProject
Project("{FAE04EC0-301F-11D3-BF4B-00C04F79EFBC}") = "RenderTarget", "RenderTarget\RenderTarget.csproj", "{71378D2F-0DCD-4413-8DE0-3FEC0BA04E27}"
EndProject
Project("{FAE04EC0-301F-11D3-BF4B-00C04F79EFBC}") = "StencilBuffer", "StencilBuffer\StencilBuffer.csproj", "{41E6C2CF-51EA-4D8E-96AE-739CA3951766}"
EndProject
Project("{2150E333-8FDC-42A3-9474-1A3956D46DE8}") = "Solution Items", "Solution Items", "{7A7D3D4E-6D4E-41D7-97E2-4F7860AA37FE}"
	ProjectSection(SolutionItems) = preProject
		SampleCatalog.xml = SampleCatalog.xml
	EndProjectSection
EndProject
Project("{FAE04EC0-301F-11D3-BF4B-00C04F79EFBC}") = "AlphaTestEffectSample", "AlphaTestEffectSample\AlphaTestEffectSample.csproj", "{0005BDAA-F232-45C3-8D37-7E4FF7A1F605}"
EndProject
Project("{FAE04EC0-301F-11D3-BF4B-00C04F79EFBC}") = "AudioSample", "AudioSample\AudioSample.csproj", "{4A048A8C-C31D-4FC8-AAF3-C387B9E0309B}"
EndProject
Project("{FAE04EC0-301F-11D3-BF4B-00C04F79EFBC}") = "BasicEffectSample", "BasicEffectSample\BasicEffectSample.csproj", "{D810F12D-6CE9-4755-AC6A-5DFEC7D1C782}"
EndProject
Project("{FAE04EC0-301F-11D3-BF4B-00C04F79EFBC}") = "DualTextureSample", "DualTextureSample\DualTextureSample.csproj", "{9259CC4E-AE6B-403C-8FAB-2408448C3935}"
EndProject
Project("{FAE04EC0-301F-11D3-BF4B-00C04F79EFBC}") = "RecordingSample", "RecordingSample\RecordingSample.csproj", "{160150D5-38E6-482D-97F5-2624F322A854}"
EndProject
Project("{FAE04EC0-301F-11D3-BF4B-00C04F79EFBC}") = "SimpleNoContent", "SimpleNoContent\SimpleNoContent.csproj", "{AA3DF4D7-F072-47B5-B88C-20140B5F704A}"
EndProject
Project("{FAE04EC0-301F-11D3-BF4B-00C04F79EFBC}") = "WindowsFormsEditor", "WindowsFormsEditor\WindowsFormsEditor.csproj", "{441D953C-94C2-42FD-9917-3EB2F6E28173}"
EndProject
Project("{FAE04EC0-301F-11D3-BF4B-00C04F79EFBC}") = "WpfEditor", "WpfEditor\WpfEditor.csproj", "{EFC485F7-3E0A-40AB-B79D-E07FE86FC386}"
EndProject
Global
	GlobalSection(SolutionConfigurationPlatforms) = preSolution
		Debug|Any CPU = Debug|Any CPU
		Debug|Mixed Platforms = Debug|Mixed Platforms
		Debug|x86 = Debug|x86
		DebugWin8|Any CPU = DebugWin8|Any CPU
		DebugWin8|Mixed Platforms = DebugWin8|Mixed Platforms
		DebugWin8|x86 = DebugWin8|x86
		Release|Any CPU = Release|Any CPU
		Release|Mixed Platforms = Release|Mixed Platforms
		Release|x86 = Release|x86
		ReleaseWin8|Any CPU = ReleaseWin8|Any CPU
		ReleaseWin8|Mixed Platforms = ReleaseWin8|Mixed Platforms
		ReleaseWin8|x86 = ReleaseWin8|x86
	EndGlobalSection
	GlobalSection(ProjectConfigurationPlatforms) = postSolution
		{F945515B-394D-4ED4-80E0-98EB59B69D24}.Debug|Any CPU.ActiveCfg = Debug|x86
		{F945515B-394D-4ED4-80E0-98EB59B69D24}.Debug|Mixed Platforms.ActiveCfg = Debug|x86
		{F945515B-394D-4ED4-80E0-98EB59B69D24}.Debug|Mixed Platforms.Build.0 = Debug|x86
		{F945515B-394D-4ED4-80E0-98EB59B69D24}.Debug|x86.ActiveCfg = Debug|x86
		{F945515B-394D-4ED4-80E0-98EB59B69D24}.Debug|x86.Build.0 = Debug|x86
		{F945515B-394D-4ED4-80E0-98EB59B69D24}.DebugWin8|Any CPU.ActiveCfg = DebugWin8|x86
		{F945515B-394D-4ED4-80E0-98EB59B69D24}.DebugWin8|Mixed Platforms.ActiveCfg = DebugWin8|x86
		{F945515B-394D-4ED4-80E0-98EB59B69D24}.DebugWin8|Mixed Platforms.Build.0 = DebugWin8|x86
		{F945515B-394D-4ED4-80E0-98EB59B69D24}.DebugWin8|x86.ActiveCfg = DebugWin8|x86
		{F945515B-394D-4ED4-80E0-98EB59B69D24}.DebugWin8|x86.Build.0 = DebugWin8|x86
		{F945515B-394D-4ED4-80E0-98EB59B69D24}.Release|Any CPU.ActiveCfg = Release|x86
		{F945515B-394D-4ED4-80E0-98EB59B69D24}.Release|Mixed Platforms.ActiveCfg = Release|x86
		{F945515B-394D-4ED4-80E0-98EB59B69D24}.Release|Mixed Platforms.Build.0 = Release|x86
		{F945515B-394D-4ED4-80E0-98EB59B69D24}.Release|x86.ActiveCfg = Release|x86
		{F945515B-394D-4ED4-80E0-98EB59B69D24}.Release|x86.Build.0 = Release|x86
		{F945515B-394D-4ED4-80E0-98EB59B69D24}.ReleaseWin8|Any CPU.ActiveCfg = ReleaseWin8|x86
		{F945515B-394D-4ED4-80E0-98EB59B69D24}.ReleaseWin8|Mixed Platforms.ActiveCfg = ReleaseWin8|x86
		{F945515B-394D-4ED4-80E0-98EB59B69D24}.ReleaseWin8|Mixed Platforms.Build.0 = ReleaseWin8|x86
		{F945515B-394D-4ED4-80E0-98EB59B69D24}.ReleaseWin8|x86.ActiveCfg = ReleaseWin8|x86
		{F945515B-394D-4ED4-80E0-98EB59B69D24}.ReleaseWin8|x86.Build.0 = ReleaseWin8|x86
		{FA6E229D-4504-47B1-8A23-2D3FCC13F778}.Debug|Any CPU.ActiveCfg = Debug|Any CPU
		{FA6E229D-4504-47B1-8A23-2D3FCC13F778}.Debug|Mixed Platforms.ActiveCfg = Debug|Any CPU
		{FA6E229D-4504-47B1-8A23-2D3FCC13F778}.Debug|x86.ActiveCfg = Debug|Any CPU
		{FA6E229D-4504-47B1-8A23-2D3FCC13F778}.DebugWin8|Any CPU.ActiveCfg = Debug|Any CPU
		{FA6E229D-4504-47B1-8A23-2D3FCC13F778}.DebugWin8|Mixed Platforms.ActiveCfg = Debug|Any CPU
		{FA6E229D-4504-47B1-8A23-2D3FCC13F778}.DebugWin8|x86.ActiveCfg = Debug|Any CPU
		{FA6E229D-4504-47B1-8A23-2D3FCC13F778}.Release|Any CPU.ActiveCfg = Debug|Any CPU
		{FA6E229D-4504-47B1-8A23-2D3FCC13F778}.Release|Mixed Platforms.ActiveCfg = Debug|Any CPU
		{FA6E229D-4504-47B1-8A23-2D3FCC13F778}.Release|x86.ActiveCfg = Debug|Any CPU
		{FA6E229D-4504-47B1-8A23-2D3FCC13F778}.ReleaseWin8|Any CPU.ActiveCfg = Debug|Any CPU
		{FA6E229D-4504-47B1-8A23-2D3FCC13F778}.ReleaseWin8|Mixed Platforms.ActiveCfg = Debug|Any CPU
		{FA6E229D-4504-47B1-8A23-2D3FCC13F778}.ReleaseWin8|x86.ActiveCfg = Debug|Any CPU
		{AAA20E99-A897-4C91-A23E-D02B8F08ACA5}.Debug|Any CPU.ActiveCfg = Debug|x86
		{AAA20E99-A897-4C91-A23E-D02B8F08ACA5}.Debug|Mixed Platforms.ActiveCfg = Debug|x86
		{AAA20E99-A897-4C91-A23E-D02B8F08ACA5}.Debug|Mixed Platforms.Build.0 = Debug|x86
		{AAA20E99-A897-4C91-A23E-D02B8F08ACA5}.Debug|x86.ActiveCfg = Debug|x86
		{AAA20E99-A897-4C91-A23E-D02B8F08ACA5}.Debug|x86.Build.0 = Debug|x86
		{AAA20E99-A897-4C91-A23E-D02B8F08ACA5}.DebugWin8|Any CPU.ActiveCfg = Debug|x86
		{AAA20E99-A897-4C91-A23E-D02B8F08ACA5}.DebugWin8|Mixed Platforms.ActiveCfg = Debug|x86
		{AAA20E99-A897-4C91-A23E-D02B8F08ACA5}.DebugWin8|Mixed Platforms.Build.0 = Debug|x86
		{AAA20E99-A897-4C91-A23E-D02B8F08ACA5}.DebugWin8|x86.ActiveCfg = Debug|x86
		{AAA20E99-A897-4C91-A23E-D02B8F08ACA5}.DebugWin8|x86.Build.0 = Debug|x86
		{AAA20E99-A897-4C91-A23E-D02B8F08ACA5}.Release|Any CPU.ActiveCfg = Release|x86
		{AAA20E99-A897-4C91-A23E-D02B8F08ACA5}.Release|Mixed Platforms.ActiveCfg = Release|x86
		{AAA20E99-A897-4C91-A23E-D02B8F08ACA5}.Release|Mixed Platforms.Build.0 = Release|x86
		{AAA20E99-A897-4C91-A23E-D02B8F08ACA5}.Release|x86.ActiveCfg = Release|x86
		{AAA20E99-A897-4C91-A23E-D02B8F08ACA5}.Release|x86.Build.0 = Release|x86
		{AAA20E99-A897-4C91-A23E-D02B8F08ACA5}.ReleaseWin8|Any CPU.ActiveCfg = Release|x86
		{AAA20E99-A897-4C91-A23E-D02B8F08ACA5}.ReleaseWin8|Mixed Platforms.ActiveCfg = Release|x86
		{AAA20E99-A897-4C91-A23E-D02B8F08ACA5}.ReleaseWin8|Mixed Platforms.Build.0 = Release|x86
		{AAA20E99-A897-4C91-A23E-D02B8F08ACA5}.ReleaseWin8|x86.ActiveCfg = Release|x86
		{AAA20E99-A897-4C91-A23E-D02B8F08ACA5}.ReleaseWin8|x86.Build.0 = Release|x86
		{BC79B021-10E4-4D01-945A-7048FFF53A22}.Debug|Any CPU.ActiveCfg = Debug|x86
		{BC79B021-10E4-4D01-945A-7048FFF53A22}.Debug|Mixed Platforms.ActiveCfg = Debug|x86
		{BC79B021-10E4-4D01-945A-7048FFF53A22}.Debug|Mixed Platforms.Build.0 = Debug|x86
		{BC79B021-10E4-4D01-945A-7048FFF53A22}.Debug|x86.ActiveCfg = Debug|x86
		{BC79B021-10E4-4D01-945A-7048FFF53A22}.Debug|x86.Build.0 = Debug|x86
		{BC79B021-10E4-4D01-945A-7048FFF53A22}.DebugWin8|Any CPU.ActiveCfg = DebugWin8|x86
		{BC79B021-10E4-4D01-945A-7048FFF53A22}.DebugWin8|Mixed Platforms.ActiveCfg = DebugWin8|x86
		{BC79B021-10E4-4D01-945A-7048FFF53A22}.DebugWin8|Mixed Platforms.Build.0 = DebugWin8|x86
		{BC79B021-10E4-4D01-945A-7048FFF53A22}.DebugWin8|x86.ActiveCfg = DebugWin8|x86
		{BC79B021-10E4-4D01-945A-7048FFF53A22}.DebugWin8|x86.Build.0 = DebugWin8|x86
		{BC79B021-10E4-4D01-945A-7048FFF53A22}.Release|Any CPU.ActiveCfg = Release|x86
		{BC79B021-10E4-4D01-945A-7048FFF53A22}.Release|Mixed Platforms.ActiveCfg = Release|x86
		{BC79B021-10E4-4D01-945A-7048FFF53A22}.Release|Mixed Platforms.Build.0 = Release|x86
		{BC79B021-10E4-4D01-945A-7048FFF53A22}.Release|x86.ActiveCfg = Release|x86
		{BC79B021-10E4-4D01-945A-7048FFF53A22}.Release|x86.Build.0 = Release|x86
		{BC79B021-10E4-4D01-945A-7048FFF53A22}.ReleaseWin8|Any CPU.ActiveCfg = ReleaseWin8|x86
		{BC79B021-10E4-4D01-945A-7048FFF53A22}.ReleaseWin8|Mixed Platforms.ActiveCfg = ReleaseWin8|x86
		{BC79B021-10E4-4D01-945A-7048FFF53A22}.ReleaseWin8|Mixed Platforms.Build.0 = ReleaseWin8|x86
		{BC79B021-10E4-4D01-945A-7048FFF53A22}.ReleaseWin8|x86.ActiveCfg = ReleaseWin8|x86
		{BC79B021-10E4-4D01-945A-7048FFF53A22}.ReleaseWin8|x86.Build.0 = ReleaseWin8|x86
		{A08575E0-7B21-4822-9D4C-6B9EEB7EFFF7}.Debug|Any CPU.ActiveCfg = Debug|x86
		{A08575E0-7B21-4822-9D4C-6B9EEB7EFFF7}.Debug|Mixed Platforms.ActiveCfg = Debug|x86
		{A08575E0-7B21-4822-9D4C-6B9EEB7EFFF7}.Debug|Mixed Platforms.Build.0 = Debug|x86
		{A08575E0-7B21-4822-9D4C-6B9EEB7EFFF7}.Debug|x86.ActiveCfg = Debug|x86
		{A08575E0-7B21-4822-9D4C-6B9EEB7EFFF7}.Debug|x86.Build.0 = Debug|x86
		{A08575E0-7B21-4822-9D4C-6B9EEB7EFFF7}.DebugWin8|Any CPU.ActiveCfg = DebugWin8|x86
		{A08575E0-7B21-4822-9D4C-6B9EEB7EFFF7}.DebugWin8|Mixed Platforms.ActiveCfg = DebugWin8|x86
		{A08575E0-7B21-4822-9D4C-6B9EEB7EFFF7}.DebugWin8|Mixed Platforms.Build.0 = DebugWin8|x86
		{A08575E0-7B21-4822-9D4C-6B9EEB7EFFF7}.DebugWin8|x86.ActiveCfg = DebugWin8|x86
		{A08575E0-7B21-4822-9D4C-6B9EEB7EFFF7}.DebugWin8|x86.Build.0 = DebugWin8|x86
		{A08575E0-7B21-4822-9D4C-6B9EEB7EFFF7}.Release|Any CPU.ActiveCfg = Release|x86
		{A08575E0-7B21-4822-9D4C-6B9EEB7EFFF7}.Release|Mixed Platforms.ActiveCfg = Release|x86
		{A08575E0-7B21-4822-9D4C-6B9EEB7EFFF7}.Release|Mixed Platforms.Build.0 = Release|x86
		{A08575E0-7B21-4822-9D4C-6B9EEB7EFFF7}.Release|x86.ActiveCfg = Release|x86
		{A08575E0-7B21-4822-9D4C-6B9EEB7EFFF7}.Release|x86.Build.0 = Release|x86
		{A08575E0-7B21-4822-9D4C-6B9EEB7EFFF7}.ReleaseWin8|Any CPU.ActiveCfg = ReleaseWin8|x86
		{A08575E0-7B21-4822-9D4C-6B9EEB7EFFF7}.ReleaseWin8|Mixed Platforms.ActiveCfg = ReleaseWin8|x86
		{A08575E0-7B21-4822-9D4C-6B9EEB7EFFF7}.ReleaseWin8|Mixed Platforms.Build.0 = ReleaseWin8|x86
		{A08575E0-7B21-4822-9D4C-6B9EEB7EFFF7}.ReleaseWin8|x86.ActiveCfg = ReleaseWin8|x86
		{A08575E0-7B21-4822-9D4C-6B9EEB7EFFF7}.ReleaseWin8|x86.Build.0 = ReleaseWin8|x86
		{A42413A9-5189-40CB-AACA-D50F24865431}.Debug|Any CPU.ActiveCfg = Debug|x86
		{A42413A9-5189-40CB-AACA-D50F24865431}.Debug|Mixed Platforms.ActiveCfg = Debug|x86
		{A42413A9-5189-40CB-AACA-D50F24865431}.Debug|Mixed Platforms.Build.0 = Debug|x86
		{A42413A9-5189-40CB-AACA-D50F24865431}.Debug|x86.ActiveCfg = Debug|x86
		{A42413A9-5189-40CB-AACA-D50F24865431}.Debug|x86.Build.0 = Debug|x86
		{A42413A9-5189-40CB-AACA-D50F24865431}.DebugWin8|Any CPU.ActiveCfg = DebugWin8|x86
		{A42413A9-5189-40CB-AACA-D50F24865431}.DebugWin8|Mixed Platforms.ActiveCfg = DebugWin8|x86
		{A42413A9-5189-40CB-AACA-D50F24865431}.DebugWin8|Mixed Platforms.Build.0 = DebugWin8|x86
		{A42413A9-5189-40CB-AACA-D50F24865431}.DebugWin8|x86.ActiveCfg = DebugWin8|x86
		{A42413A9-5189-40CB-AACA-D50F24865431}.DebugWin8|x86.Build.0 = DebugWin8|x86
		{A42413A9-5189-40CB-AACA-D50F24865431}.Release|Any CPU.ActiveCfg = Release|x86
		{A42413A9-5189-40CB-AACA-D50F24865431}.Release|Mixed Platforms.ActiveCfg = Release|x86
		{A42413A9-5189-40CB-AACA-D50F24865431}.Release|Mixed Platforms.Build.0 = Release|x86
		{A42413A9-5189-40CB-AACA-D50F24865431}.Release|x86.ActiveCfg = Release|x86
		{A42413A9-5189-40CB-AACA-D50F24865431}.Release|x86.Build.0 = Release|x86
		{A42413A9-5189-40CB-AACA-D50F24865431}.ReleaseWin8|Any CPU.ActiveCfg = ReleaseWin8|x86
		{A42413A9-5189-40CB-AACA-D50F24865431}.ReleaseWin8|Mixed Platforms.ActiveCfg = ReleaseWin8|x86
		{A42413A9-5189-40CB-AACA-D50F24865431}.ReleaseWin8|Mixed Platforms.Build.0 = ReleaseWin8|x86
		{A42413A9-5189-40CB-AACA-D50F24865431}.ReleaseWin8|x86.ActiveCfg = ReleaseWin8|x86
		{A42413A9-5189-40CB-AACA-D50F24865431}.ReleaseWin8|x86.Build.0 = ReleaseWin8|x86
		{05233BB1-444F-43F6-A3DF-B82AA924E094}.Debug|Any CPU.ActiveCfg = Debug|x86
		{05233BB1-444F-43F6-A3DF-B82AA924E094}.Debug|Mixed Platforms.ActiveCfg = Debug|x86
		{05233BB1-444F-43F6-A3DF-B82AA924E094}.Debug|Mixed Platforms.Build.0 = Debug|x86
		{05233BB1-444F-43F6-A3DF-B82AA924E094}.Debug|x86.ActiveCfg = Debug|x86
		{05233BB1-444F-43F6-A3DF-B82AA924E094}.Debug|x86.Build.0 = Debug|x86
		{05233BB1-444F-43F6-A3DF-B82AA924E094}.DebugWin8|Any CPU.ActiveCfg = DebugWin8|x86
		{05233BB1-444F-43F6-A3DF-B82AA924E094}.DebugWin8|Mixed Platforms.ActiveCfg = DebugWin8|x86
		{05233BB1-444F-43F6-A3DF-B82AA924E094}.DebugWin8|Mixed Platforms.Build.0 = DebugWin8|x86
		{05233BB1-444F-43F6-A3DF-B82AA924E094}.DebugWin8|x86.ActiveCfg = DebugWin8|x86
		{05233BB1-444F-43F6-A3DF-B82AA924E094}.DebugWin8|x86.Build.0 = DebugWin8|x86
		{05233BB1-444F-43F6-A3DF-B82AA924E094}.Release|Any CPU.ActiveCfg = Release|x86
		{05233BB1-444F-43F6-A3DF-B82AA924E094}.Release|Mixed Platforms.ActiveCfg = Release|x86
		{05233BB1-444F-43F6-A3DF-B82AA924E094}.Release|Mixed Platforms.Build.0 = Release|x86
		{05233BB1-444F-43F6-A3DF-B82AA924E094}.Release|x86.ActiveCfg = Release|x86
		{05233BB1-444F-43F6-A3DF-B82AA924E094}.Release|x86.Build.0 = Release|x86
		{05233BB1-444F-43F6-A3DF-B82AA924E094}.ReleaseWin8|Any CPU.ActiveCfg = ReleaseWin8|x86
		{05233BB1-444F-43F6-A3DF-B82AA924E094}.ReleaseWin8|Mixed Platforms.ActiveCfg = ReleaseWin8|x86
		{05233BB1-444F-43F6-A3DF-B82AA924E094}.ReleaseWin8|Mixed Platforms.Build.0 = ReleaseWin8|x86
		{05233BB1-444F-43F6-A3DF-B82AA924E094}.ReleaseWin8|x86.ActiveCfg = ReleaseWin8|x86
		{05233BB1-444F-43F6-A3DF-B82AA924E094}.ReleaseWin8|x86.Build.0 = ReleaseWin8|x86
		{ED081799-AB02-4793-96F8-F9EA7F3192E3}.Debug|Any CPU.ActiveCfg = Debug|x86
		{ED081799-AB02-4793-96F8-F9EA7F3192E3}.Debug|Mixed Platforms.ActiveCfg = Debug|x86
		{ED081799-AB02-4793-96F8-F9EA7F3192E3}.Debug|Mixed Platforms.Build.0 = Debug|x86
		{ED081799-AB02-4793-96F8-F9EA7F3192E3}.Debug|x86.ActiveCfg = Debug|x86
		{ED081799-AB02-4793-96F8-F9EA7F3192E3}.Debug|x86.Build.0 = Debug|x86
		{ED081799-AB02-4793-96F8-F9EA7F3192E3}.DebugWin8|Any CPU.ActiveCfg = DebugWin8|x86
		{ED081799-AB02-4793-96F8-F9EA7F3192E3}.DebugWin8|Mixed Platforms.ActiveCfg = DebugWin8|x86
		{ED081799-AB02-4793-96F8-F9EA7F3192E3}.DebugWin8|Mixed Platforms.Build.0 = DebugWin8|x86
		{ED081799-AB02-4793-96F8-F9EA7F3192E3}.DebugWin8|x86.ActiveCfg = DebugWin8|x86
		{ED081799-AB02-4793-96F8-F9EA7F3192E3}.DebugWin8|x86.Build.0 = DebugWin8|x86
		{ED081799-AB02-4793-96F8-F9EA7F3192E3}.Release|Any CPU.ActiveCfg = Release|x86
		{ED081799-AB02-4793-96F8-F9EA7F3192E3}.Release|Mixed Platforms.ActiveCfg = Release|x86
		{ED081799-AB02-4793-96F8-F9EA7F3192E3}.Release|Mixed Platforms.Build.0 = Release|x86
		{ED081799-AB02-4793-96F8-F9EA7F3192E3}.Release|x86.ActiveCfg = Release|x86
		{ED081799-AB02-4793-96F8-F9EA7F3192E3}.Release|x86.Build.0 = Release|x86
		{ED081799-AB02-4793-96F8-F9EA7F3192E3}.ReleaseWin8|Any CPU.ActiveCfg = ReleaseWin8|x86
		{ED081799-AB02-4793-96F8-F9EA7F3192E3}.ReleaseWin8|Mixed Platforms.ActiveCfg = ReleaseWin8|x86
		{ED081799-AB02-4793-96F8-F9EA7F3192E3}.ReleaseWin8|Mixed Platforms.Build.0 = ReleaseWin8|x86
		{ED081799-AB02-4793-96F8-F9EA7F3192E3}.ReleaseWin8|x86.ActiveCfg = ReleaseWin8|x86
		{ED081799-AB02-4793-96F8-F9EA7F3192E3}.ReleaseWin8|x86.Build.0 = ReleaseWin8|x86
		{9C9C6245-35C2-4230-8E17-9038A228227F}.Debug|Any CPU.ActiveCfg = Debug|x86
		{9C9C6245-35C2-4230-8E17-9038A228227F}.Debug|Mixed Platforms.ActiveCfg = Debug|x86
		{9C9C6245-35C2-4230-8E17-9038A228227F}.Debug|Mixed Platforms.Build.0 = Debug|x86
		{9C9C6245-35C2-4230-8E17-9038A228227F}.Debug|x86.ActiveCfg = Debug|x86
		{9C9C6245-35C2-4230-8E17-9038A228227F}.Debug|x86.Build.0 = Debug|x86
		{9C9C6245-35C2-4230-8E17-9038A228227F}.DebugWin8|Any CPU.ActiveCfg = DebugWin8|x86
		{9C9C6245-35C2-4230-8E17-9038A228227F}.DebugWin8|Mixed Platforms.ActiveCfg = DebugWin8|x86
		{9C9C6245-35C2-4230-8E17-9038A228227F}.DebugWin8|Mixed Platforms.Build.0 = DebugWin8|x86
		{9C9C6245-35C2-4230-8E17-9038A228227F}.DebugWin8|x86.ActiveCfg = DebugWin8|x86
		{9C9C6245-35C2-4230-8E17-9038A228227F}.DebugWin8|x86.Build.0 = DebugWin8|x86
		{9C9C6245-35C2-4230-8E17-9038A228227F}.Release|Any CPU.ActiveCfg = Release|x86
		{9C9C6245-35C2-4230-8E17-9038A228227F}.Release|Mixed Platforms.ActiveCfg = Release|x86
		{9C9C6245-35C2-4230-8E17-9038A228227F}.Release|Mixed Platforms.Build.0 = Release|x86
		{9C9C6245-35C2-4230-8E17-9038A228227F}.Release|x86.ActiveCfg = Release|x86
		{9C9C6245-35C2-4230-8E17-9038A228227F}.Release|x86.Build.0 = Release|x86
		{9C9C6245-35C2-4230-8E17-9038A228227F}.ReleaseWin8|Any CPU.ActiveCfg = ReleaseWin8|x86
		{9C9C6245-35C2-4230-8E17-9038A228227F}.ReleaseWin8|Mixed Platforms.ActiveCfg = ReleaseWin8|x86
		{9C9C6245-35C2-4230-8E17-9038A228227F}.ReleaseWin8|Mixed Platforms.Build.0 = ReleaseWin8|x86
		{9C9C6245-35C2-4230-8E17-9038A228227F}.ReleaseWin8|x86.ActiveCfg = ReleaseWin8|x86
		{9C9C6245-35C2-4230-8E17-9038A228227F}.ReleaseWin8|x86.Build.0 = ReleaseWin8|x86
		{57097B7A-A283-4409-8AAC-35BF0F458657}.Debug|Any CPU.ActiveCfg = Debug|x86
		{57097B7A-A283-4409-8AAC-35BF0F458657}.Debug|Mixed Platforms.ActiveCfg = Debug|x86
		{57097B7A-A283-4409-8AAC-35BF0F458657}.Debug|Mixed Platforms.Build.0 = Debug|x86
		{57097B7A-A283-4409-8AAC-35BF0F458657}.Debug|x86.ActiveCfg = Debug|x86
		{57097B7A-A283-4409-8AAC-35BF0F458657}.Debug|x86.Build.0 = Debug|x86
		{57097B7A-A283-4409-8AAC-35BF0F458657}.DebugWin8|Any CPU.ActiveCfg = DebugWin8|x86
		{57097B7A-A283-4409-8AAC-35BF0F458657}.DebugWin8|Mixed Platforms.ActiveCfg = DebugWin8|x86
		{57097B7A-A283-4409-8AAC-35BF0F458657}.DebugWin8|Mixed Platforms.Build.0 = DebugWin8|x86
		{57097B7A-A283-4409-8AAC-35BF0F458657}.DebugWin8|x86.ActiveCfg = DebugWin8|x86
		{57097B7A-A283-4409-8AAC-35BF0F458657}.DebugWin8|x86.Build.0 = DebugWin8|x86
		{57097B7A-A283-4409-8AAC-35BF0F458657}.Release|Any CPU.ActiveCfg = Release|x86
		{57097B7A-A283-4409-8AAC-35BF0F458657}.Release|Mixed Platforms.ActiveCfg = Release|x86
		{57097B7A-A283-4409-8AAC-35BF0F458657}.Release|Mixed Platforms.Build.0 = Release|x86
		{57097B7A-A283-4409-8AAC-35BF0F458657}.Release|x86.ActiveCfg = Release|x86
		{57097B7A-A283-4409-8AAC-35BF0F458657}.Release|x86.Build.0 = Release|x86
		{57097B7A-A283-4409-8AAC-35BF0F458657}.ReleaseWin8|Any CPU.ActiveCfg = ReleaseWin8|x86
		{57097B7A-A283-4409-8AAC-35BF0F458657}.ReleaseWin8|Mixed Platforms.ActiveCfg = ReleaseWin8|x86
		{57097B7A-A283-4409-8AAC-35BF0F458657}.ReleaseWin8|Mixed Platforms.Build.0 = ReleaseWin8|x86
		{57097B7A-A283-4409-8AAC-35BF0F458657}.ReleaseWin8|x86.ActiveCfg = ReleaseWin8|x86
		{57097B7A-A283-4409-8AAC-35BF0F458657}.ReleaseWin8|x86.Build.0 = ReleaseWin8|x86
		{71378D2F-0DCD-4413-8DE0-3FEC0BA04E27}.Debug|Any CPU.ActiveCfg = Debug|x86
		{71378D2F-0DCD-4413-8DE0-3FEC0BA04E27}.Debug|Mixed Platforms.ActiveCfg = Debug|x86
		{71378D2F-0DCD-4413-8DE0-3FEC0BA04E27}.Debug|Mixed Platforms.Build.0 = Debug|x86
		{71378D2F-0DCD-4413-8DE0-3FEC0BA04E27}.Debug|x86.ActiveCfg = Debug|x86
		{71378D2F-0DCD-4413-8DE0-3FEC0BA04E27}.Debug|x86.Build.0 = Debug|x86
		{71378D2F-0DCD-4413-8DE0-3FEC0BA04E27}.DebugWin8|Any CPU.ActiveCfg = DebugWin8|x86
		{71378D2F-0DCD-4413-8DE0-3FEC0BA04E27}.DebugWin8|Mixed Platforms.ActiveCfg = DebugWin8|x86
		{71378D2F-0DCD-4413-8DE0-3FEC0BA04E27}.DebugWin8|Mixed Platforms.Build.0 = DebugWin8|x86
		{71378D2F-0DCD-4413-8DE0-3FEC0BA04E27}.DebugWin8|x86.ActiveCfg = DebugWin8|x86
		{71378D2F-0DCD-4413-8DE0-3FEC0BA04E27}.DebugWin8|x86.Build.0 = DebugWin8|x86
		{71378D2F-0DCD-4413-8DE0-3FEC0BA04E27}.Release|Any CPU.ActiveCfg = Release|x86
		{71378D2F-0DCD-4413-8DE0-3FEC0BA04E27}.Release|Mixed Platforms.ActiveCfg = Release|x86
		{71378D2F-0DCD-4413-8DE0-3FEC0BA04E27}.Release|Mixed Platforms.Build.0 = Release|x86
		{71378D2F-0DCD-4413-8DE0-3FEC0BA04E27}.Release|x86.ActiveCfg = Release|x86
		{71378D2F-0DCD-4413-8DE0-3FEC0BA04E27}.Release|x86.Build.0 = Release|x86
		{71378D2F-0DCD-4413-8DE0-3FEC0BA04E27}.ReleaseWin8|Any CPU.ActiveCfg = ReleaseWin8|x86
		{71378D2F-0DCD-4413-8DE0-3FEC0BA04E27}.ReleaseWin8|Mixed Platforms.ActiveCfg = ReleaseWin8|x86
		{71378D2F-0DCD-4413-8DE0-3FEC0BA04E27}.ReleaseWin8|Mixed Platforms.Build.0 = ReleaseWin8|x86
		{71378D2F-0DCD-4413-8DE0-3FEC0BA04E27}.ReleaseWin8|x86.ActiveCfg = ReleaseWin8|x86
		{71378D2F-0DCD-4413-8DE0-3FEC0BA04E27}.ReleaseWin8|x86.Build.0 = ReleaseWin8|x86
		{41E6C2CF-51EA-4D8E-96AE-739CA3951766}.Debug|Any CPU.ActiveCfg = Debug|x86
		{41E6C2CF-51EA-4D8E-96AE-739CA3951766}.Debug|Mixed Platforms.ActiveCfg = Debug|x86
		{41E6C2CF-51EA-4D8E-96AE-739CA3951766}.Debug|Mixed Platforms.Build.0 = Debug|x86
		{41E6C2CF-51EA-4D8E-96AE-739CA3951766}.Debug|x86.ActiveCfg = Debug|x86
		{41E6C2CF-51EA-4D8E-96AE-739CA3951766}.Debug|x86.Build.0 = Debug|x86
		{41E6C2CF-51EA-4D8E-96AE-739CA3951766}.DebugWin8|Any CPU.ActiveCfg = DebugWin8|x86
		{41E6C2CF-51EA-4D8E-96AE-739CA3951766}.DebugWin8|Mixed Platforms.ActiveCfg = DebugWin8|x86
		{41E6C2CF-51EA-4D8E-96AE-739CA3951766}.DebugWin8|Mixed Platforms.Build.0 = DebugWin8|x86
		{41E6C2CF-51EA-4D8E-96AE-739CA3951766}.DebugWin8|x86.ActiveCfg = DebugWin8|x86
		{41E6C2CF-51EA-4D8E-96AE-739CA3951766}.DebugWin8|x86.Build.0 = DebugWin8|x86
		{41E6C2CF-51EA-4D8E-96AE-739CA3951766}.Release|Any CPU.ActiveCfg = Release|x86
		{41E6C2CF-51EA-4D8E-96AE-739CA3951766}.Release|Mixed Platforms.ActiveCfg = Release|x86
		{41E6C2CF-51EA-4D8E-96AE-739CA3951766}.Release|Mixed Platforms.Build.0 = Release|x86
		{41E6C2CF-51EA-4D8E-96AE-739CA3951766}.Release|x86.ActiveCfg = Release|x86
		{41E6C2CF-51EA-4D8E-96AE-739CA3951766}.Release|x86.Build.0 = Release|x86
		{41E6C2CF-51EA-4D8E-96AE-739CA3951766}.ReleaseWin8|Any CPU.ActiveCfg = ReleaseWin8|x86
		{41E6C2CF-51EA-4D8E-96AE-739CA3951766}.ReleaseWin8|Mixed Platforms.ActiveCfg = ReleaseWin8|x86
		{41E6C2CF-51EA-4D8E-96AE-739CA3951766}.ReleaseWin8|Mixed Platforms.Build.0 = ReleaseWin8|x86
		{41E6C2CF-51EA-4D8E-96AE-739CA3951766}.ReleaseWin8|x86.ActiveCfg = ReleaseWin8|x86
		{41E6C2CF-51EA-4D8E-96AE-739CA3951766}.ReleaseWin8|x86.Build.0 = ReleaseWin8|x86
		{0005BDAA-F232-45C3-8D37-7E4FF7A1F605}.Debug|Any CPU.ActiveCfg = Debug|x86
		{0005BDAA-F232-45C3-8D37-7E4FF7A1F605}.Debug|Mixed Platforms.ActiveCfg = Debug|x86
		{0005BDAA-F232-45C3-8D37-7E4FF7A1F605}.Debug|Mixed Platforms.Build.0 = Debug|x86
		{0005BDAA-F232-45C3-8D37-7E4FF7A1F605}.Debug|x86.ActiveCfg = Debug|x86
		{0005BDAA-F232-45C3-8D37-7E4FF7A1F605}.Debug|x86.Build.0 = Debug|x86
		{0005BDAA-F232-45C3-8D37-7E4FF7A1F605}.DebugWin8|Any CPU.ActiveCfg = Debug|x86
		{0005BDAA-F232-45C3-8D37-7E4FF7A1F605}.DebugWin8|Mixed Platforms.ActiveCfg = Debug|x86
		{0005BDAA-F232-45C3-8D37-7E4FF7A1F605}.DebugWin8|Mixed Platforms.Build.0 = Debug|x86
		{0005BDAA-F232-45C3-8D37-7E4FF7A1F605}.DebugWin8|x86.ActiveCfg = Debug|x86
		{0005BDAA-F232-45C3-8D37-7E4FF7A1F605}.DebugWin8|x86.Build.0 = Debug|x86
		{0005BDAA-F232-45C3-8D37-7E4FF7A1F605}.Release|Any CPU.ActiveCfg = Release|x86
		{0005BDAA-F232-45C3-8D37-7E4FF7A1F605}.Release|Mixed Platforms.ActiveCfg = Release|x86
		{0005BDAA-F232-45C3-8D37-7E4FF7A1F605}.Release|Mixed Platforms.Build.0 = Release|x86
		{0005BDAA-F232-45C3-8D37-7E4FF7A1F605}.Release|x86.ActiveCfg = Release|x86
		{0005BDAA-F232-45C3-8D37-7E4FF7A1F605}.Release|x86.Build.0 = Release|x86
		{0005BDAA-F232-45C3-8D37-7E4FF7A1F605}.ReleaseWin8|Any CPU.ActiveCfg = Release|x86
		{0005BDAA-F232-45C3-8D37-7E4FF7A1F605}.ReleaseWin8|Mixed Platforms.ActiveCfg = Release|x86
		{0005BDAA-F232-45C3-8D37-7E4FF7A1F605}.ReleaseWin8|Mixed Platforms.Build.0 = Release|x86
		{0005BDAA-F232-45C3-8D37-7E4FF7A1F605}.ReleaseWin8|x86.ActiveCfg = Release|x86
		{0005BDAA-F232-45C3-8D37-7E4FF7A1F605}.ReleaseWin8|x86.Build.0 = Release|x86
		{4A048A8C-C31D-4FC8-AAF3-C387B9E0309B}.Debug|Any CPU.ActiveCfg = Debug|x86
		{4A048A8C-C31D-4FC8-AAF3-C387B9E0309B}.Debug|Mixed Platforms.ActiveCfg = Debug|x86
		{4A048A8C-C31D-4FC8-AAF3-C387B9E0309B}.Debug|Mixed Platforms.Build.0 = Debug|x86
		{4A048A8C-C31D-4FC8-AAF3-C387B9E0309B}.Debug|x86.ActiveCfg = Debug|x86
		{4A048A8C-C31D-4FC8-AAF3-C387B9E0309B}.Debug|x86.Build.0 = Debug|x86
		{4A048A8C-C31D-4FC8-AAF3-C387B9E0309B}.DebugWin8|Any CPU.ActiveCfg = Debug|x86
		{4A048A8C-C31D-4FC8-AAF3-C387B9E0309B}.DebugWin8|Mixed Platforms.ActiveCfg = Debug|x86
		{4A048A8C-C31D-4FC8-AAF3-C387B9E0309B}.DebugWin8|Mixed Platforms.Build.0 = Debug|x86
		{4A048A8C-C31D-4FC8-AAF3-C387B9E0309B}.DebugWin8|x86.ActiveCfg = Debug|x86
		{4A048A8C-C31D-4FC8-AAF3-C387B9E0309B}.DebugWin8|x86.Build.0 = Debug|x86
		{4A048A8C-C31D-4FC8-AAF3-C387B9E0309B}.Release|Any CPU.ActiveCfg = Release|x86
		{4A048A8C-C31D-4FC8-AAF3-C387B9E0309B}.Release|Mixed Platforms.ActiveCfg = Release|x86
		{4A048A8C-C31D-4FC8-AAF3-C387B9E0309B}.Release|Mixed Platforms.Build.0 = Release|x86
		{4A048A8C-C31D-4FC8-AAF3-C387B9E0309B}.Release|x86.ActiveCfg = Release|x86
		{4A048A8C-C31D-4FC8-AAF3-C387B9E0309B}.Release|x86.Build.0 = Release|x86
		{4A048A8C-C31D-4FC8-AAF3-C387B9E0309B}.ReleaseWin8|Any CPU.ActiveCfg = Release|x86
		{4A048A8C-C31D-4FC8-AAF3-C387B9E0309B}.ReleaseWin8|Mixed Platforms.ActiveCfg = Release|x86
		{4A048A8C-C31D-4FC8-AAF3-C387B9E0309B}.ReleaseWin8|Mixed Platforms.Build.0 = Release|x86
		{4A048A8C-C31D-4FC8-AAF3-C387B9E0309B}.ReleaseWin8|x86.ActiveCfg = Release|x86
		{4A048A8C-C31D-4FC8-AAF3-C387B9E0309B}.ReleaseWin8|x86.Build.0 = Release|x86
		{D810F12D-6CE9-4755-AC6A-5DFEC7D1C782}.Debug|Any CPU.ActiveCfg = Debug|x86
		{D810F12D-6CE9-4755-AC6A-5DFEC7D1C782}.Debug|Mixed Platforms.ActiveCfg = Debug|x86
		{D810F12D-6CE9-4755-AC6A-5DFEC7D1C782}.Debug|Mixed Platforms.Build.0 = Debug|x86
		{D810F12D-6CE9-4755-AC6A-5DFEC7D1C782}.Debug|x86.ActiveCfg = Debug|x86
		{D810F12D-6CE9-4755-AC6A-5DFEC7D1C782}.Debug|x86.Build.0 = Debug|x86
		{D810F12D-6CE9-4755-AC6A-5DFEC7D1C782}.DebugWin8|Any CPU.ActiveCfg = Debug|x86
		{D810F12D-6CE9-4755-AC6A-5DFEC7D1C782}.DebugWin8|Mixed Platforms.ActiveCfg = Debug|x86
		{D810F12D-6CE9-4755-AC6A-5DFEC7D1C782}.DebugWin8|Mixed Platforms.Build.0 = Debug|x86
		{D810F12D-6CE9-4755-AC6A-5DFEC7D1C782}.DebugWin8|x86.ActiveCfg = Debug|x86
		{D810F12D-6CE9-4755-AC6A-5DFEC7D1C782}.DebugWin8|x86.Build.0 = Debug|x86
		{D810F12D-6CE9-4755-AC6A-5DFEC7D1C782}.Release|Any CPU.ActiveCfg = Release|x86
		{D810F12D-6CE9-4755-AC6A-5DFEC7D1C782}.Release|Mixed Platforms.ActiveCfg = Release|x86
		{D810F12D-6CE9-4755-AC6A-5DFEC7D1C782}.Release|Mixed Platforms.Build.0 = Release|x86
		{D810F12D-6CE9-4755-AC6A-5DFEC7D1C782}.Release|x86.ActiveCfg = Release|x86
		{D810F12D-6CE9-4755-AC6A-5DFEC7D1C782}.Release|x86.Build.0 = Release|x86
		{D810F12D-6CE9-4755-AC6A-5DFEC7D1C782}.ReleaseWin8|Any CPU.ActiveCfg = Release|x86
		{D810F12D-6CE9-4755-AC6A-5DFEC7D1C782}.ReleaseWin8|Mixed Platforms.ActiveCfg = Release|x86
		{D810F12D-6CE9-4755-AC6A-5DFEC7D1C782}.ReleaseWin8|Mixed Platforms.Build.0 = Release|x86
		{D810F12D-6CE9-4755-AC6A-5DFEC7D1C782}.ReleaseWin8|x86.ActiveCfg = Release|x86
		{D810F12D-6CE9-4755-AC6A-5DFEC7D1C782}.ReleaseWin8|x86.Build.0 = Release|x86
		{9259CC4E-AE6B-403C-8FAB-2408448C3935}.Debug|Any CPU.ActiveCfg = Debug|x86
		{9259CC4E-AE6B-403C-8FAB-2408448C3935}.Debug|Mixed Platforms.ActiveCfg = Debug|x86
		{9259CC4E-AE6B-403C-8FAB-2408448C3935}.Debug|Mixed Platforms.Build.0 = Debug|x86
		{9259CC4E-AE6B-403C-8FAB-2408448C3935}.Debug|x86.ActiveCfg = Debug|x86
		{9259CC4E-AE6B-403C-8FAB-2408448C3935}.Debug|x86.Build.0 = Debug|x86
		{9259CC4E-AE6B-403C-8FAB-2408448C3935}.DebugWin8|Any CPU.ActiveCfg = Debug|x86
		{9259CC4E-AE6B-403C-8FAB-2408448C3935}.DebugWin8|Mixed Platforms.ActiveCfg = Debug|x86
		{9259CC4E-AE6B-403C-8FAB-2408448C3935}.DebugWin8|Mixed Platforms.Build.0 = Debug|x86
		{9259CC4E-AE6B-403C-8FAB-2408448C3935}.DebugWin8|x86.ActiveCfg = Debug|x86
		{9259CC4E-AE6B-403C-8FAB-2408448C3935}.DebugWin8|x86.Build.0 = Debug|x86
		{9259CC4E-AE6B-403C-8FAB-2408448C3935}.Release|Any CPU.ActiveCfg = Release|x86
		{9259CC4E-AE6B-403C-8FAB-2408448C3935}.Release|Mixed Platforms.ActiveCfg = Release|x86
		{9259CC4E-AE6B-403C-8FAB-2408448C3935}.Release|Mixed Platforms.Build.0 = Release|x86
		{9259CC4E-AE6B-403C-8FAB-2408448C3935}.Release|x86.ActiveCfg = Release|x86
		{9259CC4E-AE6B-403C-8FAB-2408448C3935}.Release|x86.Build.0 = Release|x86
		{9259CC4E-AE6B-403C-8FAB-2408448C3935}.ReleaseWin8|Any CPU.ActiveCfg = Release|x86
		{9259CC4E-AE6B-403C-8FAB-2408448C3935}.ReleaseWin8|Mixed Platforms.ActiveCfg = Release|x86
		{9259CC4E-AE6B-403C-8FAB-2408448C3935}.ReleaseWin8|Mixed Platforms.Build.0 = Release|x86
		{9259CC4E-AE6B-403C-8FAB-2408448C3935}.ReleaseWin8|x86.ActiveCfg = Release|x86
		{9259CC4E-AE6B-403C-8FAB-2408448C3935}.ReleaseWin8|x86.Build.0 = Release|x86
		{160150D5-38E6-482D-97F5-2624F322A854}.Debug|Any CPU.ActiveCfg = Debug|x86
		{160150D5-38E6-482D-97F5-2624F322A854}.Debug|Mixed Platforms.ActiveCfg = Debug|x86
		{160150D5-38E6-482D-97F5-2624F322A854}.Debug|Mixed Platforms.Build.0 = Debug|x86
		{160150D5-38E6-482D-97F5-2624F322A854}.Debug|x86.ActiveCfg = Debug|x86
		{160150D5-38E6-482D-97F5-2624F322A854}.Debug|x86.Build.0 = Debug|x86
		{160150D5-38E6-482D-97F5-2624F322A854}.DebugWin8|Any CPU.ActiveCfg = DebugWin8|x86
		{160150D5-38E6-482D-97F5-2624F322A854}.DebugWin8|Mixed Platforms.ActiveCfg = DebugWin8|x86
		{160150D5-38E6-482D-97F5-2624F322A854}.DebugWin8|Mixed Platforms.Build.0 = DebugWin8|x86
		{160150D5-38E6-482D-97F5-2624F322A854}.DebugWin8|x86.ActiveCfg = DebugWin8|x86
		{160150D5-38E6-482D-97F5-2624F322A854}.DebugWin8|x86.Build.0 = DebugWin8|x86
		{160150D5-38E6-482D-97F5-2624F322A854}.Release|Any CPU.ActiveCfg = Release|x86
		{160150D5-38E6-482D-97F5-2624F322A854}.Release|Mixed Platforms.ActiveCfg = Release|x86
		{160150D5-38E6-482D-97F5-2624F322A854}.Release|Mixed Platforms.Build.0 = Release|x86
		{160150D5-38E6-482D-97F5-2624F322A854}.Release|x86.ActiveCfg = Release|x86
		{160150D5-38E6-482D-97F5-2624F322A854}.Release|x86.Build.0 = Release|x86
		{160150D5-38E6-482D-97F5-2624F322A854}.ReleaseWin8|Any CPU.ActiveCfg = ReleaseWin8|x86
		{160150D5-38E6-482D-97F5-2624F322A854}.ReleaseWin8|Mixed Platforms.ActiveCfg = ReleaseWin8|x86
		{160150D5-38E6-482D-97F5-2624F322A854}.ReleaseWin8|Mixed Platforms.Build.0 = ReleaseWin8|x86
		{160150D5-38E6-482D-97F5-2624F322A854}.ReleaseWin8|x86.ActiveCfg = ReleaseWin8|x86
		{160150D5-38E6-482D-97F5-2624F322A854}.ReleaseWin8|x86.Build.0 = ReleaseWin8|x86
		{AA3DF4D7-F072-47B5-B88C-20140B5F704A}.Debug|Any CPU.ActiveCfg = Debug|Any CPU
		{AA3DF4D7-F072-47B5-B88C-20140B5F704A}.Debug|Any CPU.Build.0 = Debug|Any CPU
		{AA3DF4D7-F072-47B5-B88C-20140B5F704A}.Debug|Mixed Platforms.ActiveCfg = Debug|Any CPU
		{AA3DF4D7-F072-47B5-B88C-20140B5F704A}.Debug|Mixed Platforms.Build.0 = Debug|Any CPU
		{AA3DF4D7-F072-47B5-B88C-20140B5F704A}.Debug|x86.ActiveCfg = Debug|Any CPU
		{AA3DF4D7-F072-47B5-B88C-20140B5F704A}.DebugWin8|Any CPU.ActiveCfg = Debug|Any CPU
		{AA3DF4D7-F072-47B5-B88C-20140B5F704A}.DebugWin8|Any CPU.Build.0 = Debug|Any CPU
		{AA3DF4D7-F072-47B5-B88C-20140B5F704A}.DebugWin8|Mixed Platforms.ActiveCfg = Debug|Any CPU
		{AA3DF4D7-F072-47B5-B88C-20140B5F704A}.DebugWin8|Mixed Platforms.Build.0 = Debug|Any CPU
		{AA3DF4D7-F072-47B5-B88C-20140B5F704A}.DebugWin8|x86.ActiveCfg = Debug|Any CPU
		{AA3DF4D7-F072-47B5-B88C-20140B5F704A}.Release|Any CPU.ActiveCfg = Release|Any CPU
		{AA3DF4D7-F072-47B5-B88C-20140B5F704A}.Release|Any CPU.Build.0 = Release|Any CPU
		{AA3DF4D7-F072-47B5-B88C-20140B5F704A}.Release|Mixed Platforms.ActiveCfg = Release|Any CPU
		{AA3DF4D7-F072-47B5-B88C-20140B5F704A}.Release|Mixed Platforms.Build.0 = Release|Any CPU
		{AA3DF4D7-F072-47B5-B88C-20140B5F704A}.Release|x86.ActiveCfg = Release|Any CPU
		{AA3DF4D7-F072-47B5-B88C-20140B5F704A}.ReleaseWin8|Any CPU.ActiveCfg = Release|Any CPU
		{AA3DF4D7-F072-47B5-B88C-20140B5F704A}.ReleaseWin8|Any CPU.Build.0 = Release|Any CPU
		{AA3DF4D7-F072-47B5-B88C-20140B5F704A}.ReleaseWin8|Mixed Platforms.ActiveCfg = Release|Any CPU
		{AA3DF4D7-F072-47B5-B88C-20140B5F704A}.ReleaseWin8|Mixed Platforms.Build.0 = Release|Any CPU
		{AA3DF4D7-F072-47B5-B88C-20140B5F704A}.ReleaseWin8|x86.ActiveCfg = Release|Any CPU
		{441D953C-94C2-42FD-9917-3EB2F6E28173}.Debug|Any CPU.ActiveCfg = Debug|Any CPU
		{441D953C-94C2-42FD-9917-3EB2F6E28173}.Debug|Any CPU.Build.0 = Debug|Any CPU
		{441D953C-94C2-42FD-9917-3EB2F6E28173}.Debug|Mixed Platforms.ActiveCfg = Debug|x86
		{441D953C-94C2-42FD-9917-3EB2F6E28173}.Debug|Mixed Platforms.Build.0 = Debug|x86
		{441D953C-94C2-42FD-9917-3EB2F6E28173}.Debug|x86.ActiveCfg = Debug|x86
		{441D953C-94C2-42FD-9917-3EB2F6E28173}.Debug|x86.Build.0 = Debug|x86
		{441D953C-94C2-42FD-9917-3EB2F6E28173}.DebugWin8|Any CPU.ActiveCfg = Debug|Any CPU
		{441D953C-94C2-42FD-9917-3EB2F6E28173}.DebugWin8|Any CPU.Build.0 = Debug|Any CPU
		{441D953C-94C2-42FD-9917-3EB2F6E28173}.DebugWin8|Mixed Platforms.ActiveCfg = Debug|x86
		{441D953C-94C2-42FD-9917-3EB2F6E28173}.DebugWin8|Mixed Platforms.Build.0 = Debug|x86
		{441D953C-94C2-42FD-9917-3EB2F6E28173}.DebugWin8|x86.ActiveCfg = Debug|x86
		{441D953C-94C2-42FD-9917-3EB2F6E28173}.DebugWin8|x86.Build.0 = Debug|x86
		{441D953C-94C2-42FD-9917-3EB2F6E28173}.Release|Any CPU.ActiveCfg = Release|Any CPU
		{441D953C-94C2-42FD-9917-3EB2F6E28173}.Release|Any CPU.Build.0 = Release|Any CPU
		{441D953C-94C2-42FD-9917-3EB2F6E28173}.Release|Mixed Platforms.ActiveCfg = Release|x86
		{441D953C-94C2-42FD-9917-3EB2F6E28173}.Release|Mixed Platforms.Build.0 = Release|x86
		{441D953C-94C2-42FD-9917-3EB2F6E28173}.Release|x86.ActiveCfg = Release|x86
		{441D953C-94C2-42FD-9917-3EB2F6E28173}.Release|x86.Build.0 = Release|x86
		{441D953C-94C2-42FD-9917-3EB2F6E28173}.ReleaseWin8|Any CPU.ActiveCfg = Release|Any CPU
		{441D953C-94C2-42FD-9917-3EB2F6E28173}.ReleaseWin8|Any CPU.Build.0 = Release|Any CPU
		{441D953C-94C2-42FD-9917-3EB2F6E28173}.ReleaseWin8|Mixed Platforms.ActiveCfg = Release|x86
		{441D953C-94C2-42FD-9917-3EB2F6E28173}.ReleaseWin8|Mixed Platforms.Build.0 = Release|x86
		{441D953C-94C2-42FD-9917-3EB2F6E28173}.ReleaseWin8|x86.ActiveCfg = Release|x86
		{441D953C-94C2-42FD-9917-3EB2F6E28173}.ReleaseWin8|x86.Build.0 = Release|x86
		{EFC485F7-3E0A-40AB-B79D-E07FE86FC386}.Debug|Any CPU.ActiveCfg = Debug|Any CPU
		{EFC485F7-3E0A-40AB-B79D-E07FE86FC386}.Debug|Any CPU.Build.0 = Debug|Any CPU
		{EFC485F7-3E0A-40AB-B79D-E07FE86FC386}.Debug|Mixed Platforms.ActiveCfg = Debug|x86
		{EFC485F7-3E0A-40AB-B79D-E07FE86FC386}.Debug|Mixed Platforms.Build.0 = Debug|x86
		{EFC485F7-3E0A-40AB-B79D-E07FE86FC386}.Debug|x86.ActiveCfg = Debug|x86
		{EFC485F7-3E0A-40AB-B79D-E07FE86FC386}.Debug|x86.Build.0 = Debug|x86
		{EFC485F7-3E0A-40AB-B79D-E07FE86FC386}.DebugWin8|Any CPU.ActiveCfg = Debug|Any CPU
		{EFC485F7-3E0A-40AB-B79D-E07FE86FC386}.DebugWin8|Any CPU.Build.0 = Debug|Any CPU
		{EFC485F7-3E0A-40AB-B79D-E07FE86FC386}.DebugWin8|Mixed Platforms.ActiveCfg = Debug|x86
		{EFC485F7-3E0A-40AB-B79D-E07FE86FC386}.DebugWin8|Mixed Platforms.Build.0 = Debug|x86
		{EFC485F7-3E0A-40AB-B79D-E07FE86FC386}.DebugWin8|x86.ActiveCfg = Debug|x86
		{EFC485F7-3E0A-40AB-B79D-E07FE86FC386}.DebugWin8|x86.Build.0 = Debug|x86
		{EFC485F7-3E0A-40AB-B79D-E07FE86FC386}.Release|Any CPU.ActiveCfg = Release|Any CPU
		{EFC485F7-3E0A-40AB-B79D-E07FE86FC386}.Release|Any CPU.Build.0 = Release|Any CPU
		{EFC485F7-3E0A-40AB-B79D-E07FE86FC386}.Release|Mixed Platforms.ActiveCfg = Release|x86
		{EFC485F7-3E0A-40AB-B79D-E07FE86FC386}.Release|Mixed Platforms.Build.0 = Release|x86
		{EFC485F7-3E0A-40AB-B79D-E07FE86FC386}.Release|x86.ActiveCfg = Release|x86
		{EFC485F7-3E0A-40AB-B79D-E07FE86FC386}.Release|x86.Build.0 = Release|x86
		{EFC485F7-3E0A-40AB-B79D-E07FE86FC386}.ReleaseWin8|Any CPU.ActiveCfg = Release|Any CPU
		{EFC485F7-3E0A-40AB-B79D-E07FE86FC386}.ReleaseWin8|Any CPU.Build.0 = Release|Any CPU
		{EFC485F7-3E0A-40AB-B79D-E07FE86FC386}.ReleaseWin8|Mixed Platforms.ActiveCfg = Release|x86
		{EFC485F7-3E0A-40AB-B79D-E07FE86FC386}.ReleaseWin8|Mixed Platforms.Build.0 = Release|x86
		{EFC485F7-3E0A-40AB-B79D-E07FE86FC386}.ReleaseWin8|x86.ActiveCfg = Release|x86
		{EFC485F7-3E0A-40AB-B79D-E07FE86FC386}.ReleaseWin8|x86.Build.0 = Release|x86
	EndGlobalSection
	GlobalSection(SolutionProperties) = preSolution
		HideSolutionNode = FALSE
	EndGlobalSection
EndGlobal
