
Microsoft Visual Studio Solution File, Format Version 11.00
# Visual Studio 2010
Project("{FAE04EC0-301F-11D3-BF4B-00C04F79EFBC}") = "VertexIndexBuffer", "VertexIndexBuffer\VertexIndexBuffer.csproj", "{F945515B-394D-4ED4-80E0-98EB59B69D24}"
EndProject
Project("{FAE04EC0-301F-11D3-BF4B-00C04F79EFBC}") = "SampleContent", "SampleContent\SampleContent.contentproj", "{FA6E229D-4504-47B1-8A23-2D3FCC13F778}"
EndProject
Project("{FAE04EC0-301F-11D3-BF4B-00C04F79EFBC}") = "SimpleSprite", "SimpleSprite\SimpleSprite.csproj", "{AAA20E99-A897-4C91-A23E-D02B8F08ACA5}"
EndProject
Project("{FAE04EC0-301F-11D3-BF4B-00C04F79EFBC}") = "TextRendering", "TextRendering\TextRendering.csproj", "{BC79B021-10E4-4D01-945A-7048FFF53A22}"
EndProject
Project("{FAE04EC0-301F-11D3-BF4B-00C04F79EFBC}") = "Xinput", "Xinput\Xinput.csproj", "{45D6F4DE-5BB6-4E86-8C44-F9CA307AE43F}"
EndProject
Project("{FAE04EC0-301F-11D3-BF4B-00C04F79EFBC}") = "WindowsGame", "WindowsGame\WindowsGame.csproj", "{A08575E0-7B21-4822-9D4C-6B9EEB7EFFF7}"
EndProject
Project("{FAE04EC0-301F-11D3-BF4B-00C04F79EFBC}") = "Kinect", "Kinect\Kinect.csproj", "{A42413A9-5189-40CB-AACA-D50F24865431}"
EndProject
Project("{FAE04EC0-301F-11D3-BF4B-00C04F79EFBC}") = "KeyboardSample", "KeyboardSample\KeyboardSample.csproj", "{05233BB1-444F-43F6-A3DF-B82AA924E094}"
EndProject
Project("{FAE04EC0-301F-11D3-BF4B-00C04F79EFBC}") = "ModelSample", "ModelSample\ModelSample\ModelSample.csproj", "{ED081799-AB02-4793-96F8-F9EA7F3192E3}"
EndProject
Project("{FAE04EC0-301F-11D3-BF4B-00C04F79EFBC}") = "MultiRenderTarget", "MultiRenderTarget\MultiRenderTarget.csproj", "{9C9C6245-35C2-4230-8E17-9038A228227F}"
EndProject
Project("{FAE04EC0-301F-11D3-BF4B-00C04F79EFBC}") = "Primitives", "Primitives\Primitives.csproj", "{57097B7A-A283-4409-8AAC-35BF0F458657}"
EndProject
Project("{FAE04EC0-301F-11D3-BF4B-00C04F79EFBC}") = "RenderTarget", "RenderTarget\RenderTarget.csproj", "{71378D2F-0DCD-4413-8DE0-3FEC0BA04E27}"
EndProject
Project("{FAE04EC0-301F-11D3-BF4B-00C04F79EFBC}") = "StencilBuffer", "StencilBuffer\StencilBuffer.csproj", "{41E6C2CF-51EA-4D8E-96AE-739CA3951766}"
EndProject
Global
	GlobalSection(SolutionConfigurationPlatforms) = preSolution
		Debug|Any CPU = Debug|Any CPU
		Debug|x86 = Debug|x86
		Release|Any CPU = Release|Any CPU
		Release|x86 = Release|x86
	EndGlobalSection
	GlobalSection(ProjectConfigurationPlatforms) = postSolution
		{F945515B-394D-4ED4-80E0-98EB59B69D24}.Debug|Any CPU.ActiveCfg = Debug|x86
		{F945515B-394D-4ED4-80E0-98EB59B69D24}.Debug|x86.ActiveCfg = Debug|x86
		{F945515B-394D-4ED4-80E0-98EB59B69D24}.Debug|x86.Build.0 = Debug|x86
		{F945515B-394D-4ED4-80E0-98EB59B69D24}.Release|Any CPU.ActiveCfg = Release|x86
		{F945515B-394D-4ED4-80E0-98EB59B69D24}.Release|x86.ActiveCfg = Release|x86
		{F945515B-394D-4ED4-80E0-98EB59B69D24}.Release|x86.Build.0 = Release|x86
		{FA6E229D-4504-47B1-8A23-2D3FCC13F778}.Debug|Any CPU.ActiveCfg = Debug|Any CPU
		{FA6E229D-4504-47B1-8A23-2D3FCC13F778}.Debug|x86.ActiveCfg = Debug|Any CPU
		{FA6E229D-4504-47B1-8A23-2D3FCC13F778}.Release|Any CPU.ActiveCfg = Debug|Any CPU
		{FA6E229D-4504-47B1-8A23-2D3FCC13F778}.Release|x86.ActiveCfg = Debug|Any CPU
		{AAA20E99-A897-4C91-A23E-D02B8F08ACA5}.Debug|Any CPU.ActiveCfg = Debug|x86
		{AAA20E99-A897-4C91-A23E-D02B8F08ACA5}.Debug|x86.ActiveCfg = Debug|x86
		{AAA20E99-A897-4C91-A23E-D02B8F08ACA5}.Debug|x86.Build.0 = Debug|x86
		{AAA20E99-A897-4C91-A23E-D02B8F08ACA5}.Release|Any CPU.ActiveCfg = Release|x86
		{AAA20E99-A897-4C91-A23E-D02B8F08ACA5}.Release|x86.ActiveCfg = Release|x86
		{AAA20E99-A897-4C91-A23E-D02B8F08ACA5}.Release|x86.Build.0 = Release|x86
		{BC79B021-10E4-4D01-945A-7048FFF53A22}.Debug|Any CPU.ActiveCfg = Debug|x86
		{BC79B021-10E4-4D01-945A-7048FFF53A22}.Debug|x86.ActiveCfg = Debug|x86
		{BC79B021-10E4-4D01-945A-7048FFF53A22}.Debug|x86.Build.0 = Debug|x86
		{BC79B021-10E4-4D01-945A-7048FFF53A22}.Release|Any CPU.ActiveCfg = Release|x86
		{BC79B021-10E4-4D01-945A-7048FFF53A22}.Release|x86.ActiveCfg = Release|x86
		{BC79B021-10E4-4D01-945A-7048FFF53A22}.Release|x86.Build.0 = Release|x86
		{45D6F4DE-5BB6-4E86-8C44-F9CA307AE43F}.Debug|Any CPU.ActiveCfg = Debug|x86
		{45D6F4DE-5BB6-4E86-8C44-F9CA307AE43F}.Debug|x86.ActiveCfg = Debug|x86
		{45D6F4DE-5BB6-4E86-8C44-F9CA307AE43F}.Debug|x86.Build.0 = Debug|x86
		{45D6F4DE-5BB6-4E86-8C44-F9CA307AE43F}.Release|Any CPU.ActiveCfg = Release|x86
		{45D6F4DE-5BB6-4E86-8C44-F9CA307AE43F}.Release|x86.ActiveCfg = Release|x86
		{45D6F4DE-5BB6-4E86-8C44-F9CA307AE43F}.Release|x86.Build.0 = Release|x86
		{A08575E0-7B21-4822-9D4C-6B9EEB7EFFF7}.Debug|Any CPU.ActiveCfg = Debug|x86
		{A08575E0-7B21-4822-9D4C-6B9EEB7EFFF7}.Debug|x86.ActiveCfg = Debug|x86
		{A08575E0-7B21-4822-9D4C-6B9EEB7EFFF7}.Debug|x86.Build.0 = Debug|x86
		{A08575E0-7B21-4822-9D4C-6B9EEB7EFFF7}.Release|Any CPU.ActiveCfg = Release|x86
		{A08575E0-7B21-4822-9D4C-6B9EEB7EFFF7}.Release|x86.ActiveCfg = Release|x86
		{A08575E0-7B21-4822-9D4C-6B9EEB7EFFF7}.Release|x86.Build.0 = Release|x86
		{A42413A9-5189-40CB-AACA-D50F24865431}.Debug|Any CPU.ActiveCfg = Debug|x86
		{A42413A9-5189-40CB-AACA-D50F24865431}.Debug|x86.ActiveCfg = Debug|x86
		{A42413A9-5189-40CB-AACA-D50F24865431}.Debug|x86.Build.0 = Debug|x86
		{A42413A9-5189-40CB-AACA-D50F24865431}.Release|Any CPU.ActiveCfg = Release|x86
		{A42413A9-5189-40CB-AACA-D50F24865431}.Release|x86.ActiveCfg = Release|x86
		{A42413A9-5189-40CB-AACA-D50F24865431}.Release|x86.Build.0 = Release|x86
		{05233BB1-444F-43F6-A3DF-B82AA924E094}.Debug|Any CPU.ActiveCfg = Debug|x86
		{05233BB1-444F-43F6-A3DF-B82AA924E094}.Debug|x86.ActiveCfg = Debug|x86
		{05233BB1-444F-43F6-A3DF-B82AA924E094}.Debug|x86.Build.0 = Debug|x86
		{05233BB1-444F-43F6-A3DF-B82AA924E094}.Release|Any CPU.ActiveCfg = Release|x86
		{05233BB1-444F-43F6-A3DF-B82AA924E094}.Release|x86.ActiveCfg = Release|x86
		{05233BB1-444F-43F6-A3DF-B82AA924E094}.Release|x86.Build.0 = Release|x86
		{ED081799-AB02-4793-96F8-F9EA7F3192E3}.Debug|Any CPU.ActiveCfg = Debug|x86
		{ED081799-AB02-4793-96F8-F9EA7F3192E3}.Debug|x86.ActiveCfg = Debug|x86
		{ED081799-AB02-4793-96F8-F9EA7F3192E3}.Debug|x86.Build.0 = Debug|x86
		{ED081799-AB02-4793-96F8-F9EA7F3192E3}.Release|Any CPU.ActiveCfg = Release|x86
		{ED081799-AB02-4793-96F8-F9EA7F3192E3}.Release|x86.ActiveCfg = Release|x86
		{ED081799-AB02-4793-96F8-F9EA7F3192E3}.Release|x86.Build.0 = Release|x86
		{9C9C6245-35C2-4230-8E17-9038A228227F}.Debug|Any CPU.ActiveCfg = Debug|x86
		{9C9C6245-35C2-4230-8E17-9038A228227F}.Debug|x86.ActiveCfg = Debug|x86
		{9C9C6245-35C2-4230-8E17-9038A228227F}.Debug|x86.Build.0 = Debug|x86
		{9C9C6245-35C2-4230-8E17-9038A228227F}.Release|Any CPU.ActiveCfg = Release|x86
		{9C9C6245-35C2-4230-8E17-9038A228227F}.Release|x86.ActiveCfg = Release|x86
		{9C9C6245-35C2-4230-8E17-9038A228227F}.Release|x86.Build.0 = Release|x86
		{57097B7A-A283-4409-8AAC-35BF0F458657}.Debug|Any CPU.ActiveCfg = Debug|x86
		{57097B7A-A283-4409-8AAC-35BF0F458657}.Debug|x86.ActiveCfg = Debug|x86
		{57097B7A-A283-4409-8AAC-35BF0F458657}.Debug|x86.Build.0 = Debug|x86
		{57097B7A-A283-4409-8AAC-35BF0F458657}.Release|Any CPU.ActiveCfg = Release|x86
		{57097B7A-A283-4409-8AAC-35BF0F458657}.Release|x86.ActiveCfg = Release|x86
		{57097B7A-A283-4409-8AAC-35BF0F458657}.Release|x86.Build.0 = Release|x86
		{71378D2F-0DCD-4413-8DE0-3FEC0BA04E27}.Debug|Any CPU.ActiveCfg = Debug|x86
		{71378D2F-0DCD-4413-8DE0-3FEC0BA04E27}.Debug|x86.ActiveCfg = Debug|x86
		{71378D2F-0DCD-4413-8DE0-3FEC0BA04E27}.Debug|x86.Build.0 = Debug|x86
		{71378D2F-0DCD-4413-8DE0-3FEC0BA04E27}.Release|Any CPU.ActiveCfg = Release|x86
		{71378D2F-0DCD-4413-8DE0-3FEC0BA04E27}.Release|x86.ActiveCfg = Release|x86
		{71378D2F-0DCD-4413-8DE0-3FEC0BA04E27}.Release|x86.Build.0 = Release|x86
		{41E6C2CF-51EA-4D8E-96AE-739CA3951766}.Debug|Any CPU.ActiveCfg = Debug|x86
		{41E6C2CF-51EA-4D8E-96AE-739CA3951766}.Debug|x86.ActiveCfg = Debug|x86
		{41E6C2CF-51EA-4D8E-96AE-739CA3951766}.Debug|x86.Build.0 = Debug|x86
		{41E6C2CF-51EA-4D8E-96AE-739CA3951766}.Release|Any CPU.ActiveCfg = Release|x86
		{41E6C2CF-51EA-4D8E-96AE-739CA3951766}.Release|x86.ActiveCfg = Release|x86
		{41E6C2CF-51EA-4D8E-96AE-739CA3951766}.Release|x86.Build.0 = Release|x86
	EndGlobalSection
	GlobalSection(SolutionProperties) = preSolution
		HideSolutionNode = FALSE
	EndGlobalSection
EndGlobal
