
Microsoft Visual Studio Solution File, Format Version 12.00
# Visual Studio 2013
VisualStudioVersion = 12.0.40629.0
MinimumVisualStudioVersion = 10.0.40219.1
Project("{75EFAE60-726E-430F-8661-4CF9ABD1306C}") = "SampleContent", "SampleContent\SampleContent.cproj", "{75EFAE60-726E-430F-8661-4CF9ABD1306C}"
EndProject
Project("{FAE04EC0-301F-11D3-BF4B-00C04F79EFBC}") = "SimpleSprite", "SimpleSprite\SimpleSprite.csproj", "{AAA20E99-A897-4C91-A23E-D02B8F08ACA5}"
	ProjectSection(ProjectDependencies) = postProject
		{75EFAE60-726E-430F-8661-4CF9ABD1306C} = {75EFAE60-726E-430F-8661-4CF9ABD1306C}
	EndProjectSection
EndProject
Global
	GlobalSection(SolutionConfigurationPlatforms) = preSolution
		Debug|Android = Debug|Android
		Debug|iOS = Debug|iOS
		Debug|Linux = Debug|Linux
		Debug|Mac OS = Debug|Mac OS
		Debug|Mixed Platforms = Debug|Mixed Platforms
		Debug|PS Vita = Debug|PS Vita
		Debug|Windows = Debug|Windows
		Debug|Windows Metro = Debug|Windows Metro
		Debug|Windows Phone = Debug|Windows Phone
		Debug|x86 = Debug|x86
		Debug|XBox 360 = Debug|XBox 360
		Release|Android = Release|Android
		Release|iOS = Release|iOS
		Release|Linux = Release|Linux
		Release|Mac OS = Release|Mac OS
		Release|Mixed Platforms = Release|Mixed Platforms
		Release|PS Vita = Release|PS Vita
		Release|Windows = Release|Windows
		Release|Windows Metro = Release|Windows Metro
		Release|Windows Phone = Release|Windows Phone
		Release|x86 = Release|x86
		Release|XBox 360 = Release|XBox 360
	EndGlobalSection
	GlobalSection(ProjectConfigurationPlatforms) = postSolution
		{75EFAE60-726E-430F-8661-4CF9ABD1306C}.Debug|Android.ActiveCfg = Debug|Android
		{75EFAE60-726E-430F-8661-4CF9ABD1306C}.Debug|Android.Build.0 = Debug|Android
		{75EFAE60-726E-430F-8661-4CF9ABD1306C}.Debug|iOS.ActiveCfg = Debug|iOS
		{75EFAE60-726E-430F-8661-4CF9ABD1306C}.Debug|iOS.Build.0 = Debug|iOS
		{75EFAE60-726E-430F-8661-4CF9ABD1306C}.Debug|Linux.ActiveCfg = Debug|Linux
		{75EFAE60-726E-430F-8661-4CF9ABD1306C}.Debug|Linux.Build.0 = Debug|Linux
		{75EFAE60-726E-430F-8661-4CF9ABD1306C}.Debug|Mac OS.ActiveCfg = Debug|Mac OS
		{75EFAE60-726E-430F-8661-4CF9ABD1306C}.Debug|Mac OS.Build.0 = Debug|Mac OS
		{75EFAE60-726E-430F-8661-4CF9ABD1306C}.Debug|Mixed Platforms.ActiveCfg = Debug|XBox 360
		{75EFAE60-726E-430F-8661-4CF9ABD1306C}.Debug|Mixed Platforms.Build.0 = Debug|XBox 360
		{75EFAE60-726E-430F-8661-4CF9ABD1306C}.Debug|PS Vita.ActiveCfg = Debug|PS Vita
		{75EFAE60-726E-430F-8661-4CF9ABD1306C}.Debug|PS Vita.Build.0 = Debug|PS Vita
		{75EFAE60-726E-430F-8661-4CF9ABD1306C}.Debug|Windows.ActiveCfg = Debug|Windows
		{75EFAE60-726E-430F-8661-4CF9ABD1306C}.Debug|Windows.Build.0 = Debug|Windows
		{75EFAE60-726E-430F-8661-4CF9ABD1306C}.Debug|Windows Metro.ActiveCfg = Debug|Windows Metro
		{75EFAE60-726E-430F-8661-4CF9ABD1306C}.Debug|Windows Metro.Build.0 = Debug|Windows Metro
		{75EFAE60-726E-430F-8661-4CF9ABD1306C}.Debug|Windows Phone.ActiveCfg = Debug|Windows Phone
		{75EFAE60-726E-430F-8661-4CF9ABD1306C}.Debug|Windows Phone.Build.0 = Debug|Windows Phone
		{75EFAE60-726E-430F-8661-4CF9ABD1306C}.Debug|x86.ActiveCfg = Debug|XBox 360
		{75EFAE60-726E-430F-8661-4CF9ABD1306C}.Debug|XBox 360.ActiveCfg = Debug|XBox 360
		{75EFAE60-726E-430F-8661-4CF9ABD1306C}.Debug|XBox 360.Build.0 = Debug|XBox 360
		{75EFAE60-726E-430F-8661-4CF9ABD1306C}.Release|Android.ActiveCfg = Release|Android
		{75EFAE60-726E-430F-8661-4CF9ABD1306C}.Release|Android.Build.0 = Release|Android
		{75EFAE60-726E-430F-8661-4CF9ABD1306C}.Release|iOS.ActiveCfg = Release|iOS
		{75EFAE60-726E-430F-8661-4CF9ABD1306C}.Release|iOS.Build.0 = Release|iOS
		{75EFAE60-726E-430F-8661-4CF9ABD1306C}.Release|Linux.ActiveCfg = Release|Linux
		{75EFAE60-726E-430F-8661-4CF9ABD1306C}.Release|Linux.Build.0 = Release|Linux
		{75EFAE60-726E-430F-8661-4CF9ABD1306C}.Release|Mac OS.ActiveCfg = Release|Mac OS
		{75EFAE60-726E-430F-8661-4CF9ABD1306C}.Release|Mac OS.Build.0 = Release|Mac OS
		{75EFAE60-726E-430F-8661-4CF9ABD1306C}.Release|Mixed Platforms.ActiveCfg = Release|XBox 360
		{75EFAE60-726E-430F-8661-4CF9ABD1306C}.Release|Mixed Platforms.Build.0 = Release|XBox 360
		{75EFAE60-726E-430F-8661-4CF9ABD1306C}.Release|PS Vita.ActiveCfg = Release|PS Vita
		{75EFAE60-726E-430F-8661-4CF9ABD1306C}.Release|PS Vita.Build.0 = Release|PS Vita
		{75EFAE60-726E-430F-8661-4CF9ABD1306C}.Release|Windows.ActiveCfg = Release|Windows
		{75EFAE60-726E-430F-8661-4CF9ABD1306C}.Release|Windows.Build.0 = Release|Windows
		{75EFAE60-726E-430F-8661-4CF9ABD1306C}.Release|Windows Metro.ActiveCfg = Release|Windows Metro
		{75EFAE60-726E-430F-8661-4CF9ABD1306C}.Release|Windows Metro.Build.0 = Release|Windows Metro
		{75EFAE60-726E-430F-8661-4CF9ABD1306C}.Release|Windows Phone.ActiveCfg = Release|Windows Phone
		{75EFAE60-726E-430F-8661-4CF9ABD1306C}.Release|Windows Phone.Build.0 = Release|Windows Phone
		{75EFAE60-726E-430F-8661-4CF9ABD1306C}.Release|x86.ActiveCfg = Release|XBox 360
		{75EFAE60-726E-430F-8661-4CF9ABD1306C}.Release|XBox 360.ActiveCfg = Release|XBox 360
		{75EFAE60-726E-430F-8661-4CF9ABD1306C}.Release|XBox 360.Build.0 = Release|XBox 360
		{AAA20E99-A897-4C91-A23E-D02B8F08ACA5}.Debug|Android.ActiveCfg = Debug|x86
		{AAA20E99-A897-4C91-A23E-D02B8F08ACA5}.Debug|iOS.ActiveCfg = Debug|x86
		{AAA20E99-A897-4C91-A23E-D02B8F08ACA5}.Debug|Linux.ActiveCfg = Debug|x86
		{AAA20E99-A897-4C91-A23E-D02B8F08ACA5}.Debug|Mac OS.ActiveCfg = Debug|x86
		{AAA20E99-A897-4C91-A23E-D02B8F08ACA5}.Debug|Mixed Platforms.ActiveCfg = Debug|x86
		{AAA20E99-A897-4C91-A23E-D02B8F08ACA5}.Debug|Mixed Platforms.Build.0 = Debug|x86
		{AAA20E99-A897-4C91-A23E-D02B8F08ACA5}.Debug|PS Vita.ActiveCfg = Debug|x86
		{AAA20E99-A897-4C91-A23E-D02B8F08ACA5}.Debug|Windows.ActiveCfg = Debug|x86
		{AAA20E99-A897-4C91-A23E-D02B8F08ACA5}.Debug|Windows Metro.ActiveCfg = Debug|x86
		{AAA20E99-A897-4C91-A23E-D02B8F08ACA5}.Debug|Windows Phone.ActiveCfg = Debug|x86
		{AAA20E99-A897-4C91-A23E-D02B8F08ACA5}.Debug|x86.ActiveCfg = Debug|x86
		{AAA20E99-A897-4C91-A23E-D02B8F08ACA5}.Debug|x86.Build.0 = Debug|x86
		{AAA20E99-A897-4C91-A23E-D02B8F08ACA5}.Debug|XBox 360.ActiveCfg = Debug|x86
		{AAA20E99-A897-4C91-A23E-D02B8F08ACA5}.Release|Android.ActiveCfg = Release|x86
		{AAA20E99-A897-4C91-A23E-D02B8F08ACA5}.Release|iOS.ActiveCfg = Release|x86
		{AAA20E99-A897-4C91-A23E-D02B8F08ACA5}.Release|Linux.ActiveCfg = Release|x86
		{AAA20E99-A897-4C91-A23E-D02B8F08ACA5}.Release|Mac OS.ActiveCfg = Release|x86
		{AAA20E99-A897-4C91-A23E-D02B8F08ACA5}.Release|Mixed Platforms.ActiveCfg = Release|x86
		{AAA20E99-A897-4C91-A23E-D02B8F08ACA5}.Release|Mixed Platforms.Build.0 = Release|x86
		{AAA20E99-A897-4C91-A23E-D02B8F08ACA5}.Release|PS Vita.ActiveCfg = Release|x86
		{AAA20E99-A897-4C91-A23E-D02B8F08ACA5}.Release|Windows.ActiveCfg = Release|x86
		{AAA20E99-A897-4C91-A23E-D02B8F08ACA5}.Release|Windows Metro.ActiveCfg = Release|x86
		{AAA20E99-A897-4C91-A23E-D02B8F08ACA5}.Release|Windows Phone.ActiveCfg = Release|x86
		{AAA20E99-A897-4C91-A23E-D02B8F08ACA5}.Release|x86.ActiveCfg = Release|x86
		{AAA20E99-A897-4C91-A23E-D02B8F08ACA5}.Release|x86.Build.0 = Release|x86
		{AAA20E99-A897-4C91-A23E-D02B8F08ACA5}.Release|XBox 360.ActiveCfg = Release|x86
	EndGlobalSection
	GlobalSection(SolutionProperties) = preSolution
		HideSolutionNode = FALSE
	EndGlobalSection
EndGlobal
