
Microsoft Visual Studio Solution File, Format Version 12.00
# Visual Studio 2013
VisualStudioVersion = 12.0.40629.0
MinimumVisualStudioVersion = 10.0.40219.1
Project("{FAE04EC0-301F-11D3-BF4B-00C04F79EFBC}") = "WindowsGame", "WindowsGame\WindowsGame.csproj", "{A08575E0-7B21-4822-9D4C-6B9EEB7EFFF7}"
	ProjectSection(ProjectDependencies) = postProject
		{75EFAE60-726E-430F-8661-4CF9ABD1306C} = {75EFAE60-726E-430F-8661-4CF9ABD1306C}
	EndProjectSection
EndProject
Project("{75EFAE60-726E-430F-8661-4CF9ABD1306C}") = "SampleContent", "SampleContent\SampleContent.cproj", "{75EFAE60-726E-430F-8661-4CF9ABD1306C}"
EndProject
Global
	GlobalSection(SolutionConfigurationPlatforms) = preSolution
		Debug|Android = Debug|Android
		Debug|Any CPU = Debug|Any CPU
		Debug|iOS = Debug|iOS
		Debug|Linux = Debug|Linux
		Debug|Mac OS = Debug|Mac OS
		Debug|Mixed Platforms = Debug|Mixed Platforms
		Debug|PS Vita = Debug|PS Vita
		Debug|Windows = Debug|Windows
		Debug|Windows Metro = Debug|Windows Metro
		Debug|Windows Phone = Debug|Windows Phone
		Debug|x86 = Debug|x86
		Debug|XBox 360 = Debug|XBox 360
		DebugWin8|Android = DebugWin8|Android
		DebugWin8|Any CPU = DebugWin8|Any CPU
		DebugWin8|iOS = DebugWin8|iOS
		DebugWin8|Linux = DebugWin8|Linux
		DebugWin8|Mac OS = DebugWin8|Mac OS
		DebugWin8|Mixed Platforms = DebugWin8|Mixed Platforms
		DebugWin8|PS Vita = DebugWin8|PS Vita
		DebugWin8|Windows = DebugWin8|Windows
		DebugWin8|Windows Metro = DebugWin8|Windows Metro
		DebugWin8|Windows Phone = DebugWin8|Windows Phone
		DebugWin8|x86 = DebugWin8|x86
		DebugWin8|XBox 360 = DebugWin8|XBox 360
		Release|Android = Release|Android
		Release|Any CPU = Release|Any CPU
		Release|iOS = Release|iOS
		Release|Linux = Release|Linux
		Release|Mac OS = Release|Mac OS
		Release|Mixed Platforms = Release|Mixed Platforms
		Release|PS Vita = Release|PS Vita
		Release|Windows = Release|Windows
		Release|Windows Metro = Release|Windows Metro
		Release|Windows Phone = Release|Windows Phone
		Release|x86 = Release|x86
		Release|XBox 360 = Release|XBox 360
		ReleaseWin8|Android = ReleaseWin8|Android
		ReleaseWin8|Any CPU = ReleaseWin8|Any CPU
		ReleaseWin8|iOS = ReleaseWin8|iOS
		ReleaseWin8|Linux = ReleaseWin8|Linux
		ReleaseWin8|Mac OS = ReleaseWin8|Mac OS
		ReleaseWin8|Mixed Platforms = ReleaseWin8|Mixed Platforms
		ReleaseWin8|PS Vita = ReleaseWin8|PS Vita
		ReleaseWin8|Windows = ReleaseWin8|Windows
		ReleaseWin8|Windows Metro = ReleaseWin8|Windows Metro
		ReleaseWin8|Windows Phone = ReleaseWin8|Windows Phone
		ReleaseWin8|x86 = ReleaseWin8|x86
		ReleaseWin8|XBox 360 = ReleaseWin8|XBox 360
	EndGlobalSection
	GlobalSection(ProjectConfigurationPlatforms) = postSolution
		{A08575E0-7B21-4822-9D4C-6B9EEB7EFFF7}.Debug|Android.ActiveCfg = Debug|x86
		{A08575E0-7B21-4822-9D4C-6B9EEB7EFFF7}.Debug|Any CPU.ActiveCfg = Debug|x86
		{A08575E0-7B21-4822-9D4C-6B9EEB7EFFF7}.Debug|iOS.ActiveCfg = Debug|x86
		{A08575E0-7B21-4822-9D4C-6B9EEB7EFFF7}.Debug|Linux.ActiveCfg = Debug|x86
		{A08575E0-7B21-4822-9D4C-6B9EEB7EFFF7}.Debug|Mac OS.ActiveCfg = Debug|x86
		{A08575E0-7B21-4822-9D4C-6B9EEB7EFFF7}.Debug|Mixed Platforms.ActiveCfg = Debug|x86
		{A08575E0-7B21-4822-9D4C-6B9EEB7EFFF7}.Debug|Mixed Platforms.Build.0 = Debug|x86
		{A08575E0-7B21-4822-9D4C-6B9EEB7EFFF7}.Debug|PS Vita.ActiveCfg = Debug|x86
		{A08575E0-7B21-4822-9D4C-6B9EEB7EFFF7}.Debug|Windows.ActiveCfg = Debug|x86
		{A08575E0-7B21-4822-9D4C-6B9EEB7EFFF7}.Debug|Windows Metro.ActiveCfg = Debug|x86
		{A08575E0-7B21-4822-9D4C-6B9EEB7EFFF7}.Debug|Windows Phone.ActiveCfg = Debug|x86
		{A08575E0-7B21-4822-9D4C-6B9EEB7EFFF7}.Debug|x86.ActiveCfg = Debug|x86
		{A08575E0-7B21-4822-9D4C-6B9EEB7EFFF7}.Debug|x86.Build.0 = Debug|x86
		{A08575E0-7B21-4822-9D4C-6B9EEB7EFFF7}.Debug|XBox 360.ActiveCfg = Debug|x86
		{A08575E0-7B21-4822-9D4C-6B9EEB7EFFF7}.DebugWin8|Android.ActiveCfg = DebugWin8|x86
		{A08575E0-7B21-4822-9D4C-6B9EEB7EFFF7}.DebugWin8|Any CPU.ActiveCfg = DebugWin8|x86
		{A08575E0-7B21-4822-9D4C-6B9EEB7EFFF7}.DebugWin8|iOS.ActiveCfg = DebugWin8|x86
		{A08575E0-7B21-4822-9D4C-6B9EEB7EFFF7}.DebugWin8|Linux.ActiveCfg = DebugWin8|x86
		{A08575E0-7B21-4822-9D4C-6B9EEB7EFFF7}.DebugWin8|Mac OS.ActiveCfg = DebugWin8|x86
		{A08575E0-7B21-4822-9D4C-6B9EEB7EFFF7}.DebugWin8|Mixed Platforms.ActiveCfg = DebugWin8|x86
		{A08575E0-7B21-4822-9D4C-6B9EEB7EFFF7}.DebugWin8|Mixed Platforms.Build.0 = DebugWin8|x86
		{A08575E0-7B21-4822-9D4C-6B9EEB7EFFF7}.DebugWin8|PS Vita.ActiveCfg = DebugWin8|x86
		{A08575E0-7B21-4822-9D4C-6B9EEB7EFFF7}.DebugWin8|Windows.ActiveCfg = DebugWin8|x86
		{A08575E0-7B21-4822-9D4C-6B9EEB7EFFF7}.DebugWin8|Windows Metro.ActiveCfg = DebugWin8|x86
		{A08575E0-7B21-4822-9D4C-6B9EEB7EFFF7}.DebugWin8|Windows Phone.ActiveCfg = DebugWin8|x86
		{A08575E0-7B21-4822-9D4C-6B9EEB7EFFF7}.DebugWin8|x86.ActiveCfg = DebugWin8|x86
		{A08575E0-7B21-4822-9D4C-6B9EEB7EFFF7}.DebugWin8|x86.Build.0 = DebugWin8|x86
		{A08575E0-7B21-4822-9D4C-6B9EEB7EFFF7}.DebugWin8|XBox 360.ActiveCfg = DebugWin8|x86
		{A08575E0-7B21-4822-9D4C-6B9EEB7EFFF7}.Release|Android.ActiveCfg = Release|x86
		{A08575E0-7B21-4822-9D4C-6B9EEB7EFFF7}.Release|Any CPU.ActiveCfg = Release|x86
		{A08575E0-7B21-4822-9D4C-6B9EEB7EFFF7}.Release|iOS.ActiveCfg = Release|x86
		{A08575E0-7B21-4822-9D4C-6B9EEB7EFFF7}.Release|Linux.ActiveCfg = Release|x86
		{A08575E0-7B21-4822-9D4C-6B9EEB7EFFF7}.Release|Mac OS.ActiveCfg = Release|x86
		{A08575E0-7B21-4822-9D4C-6B9EEB7EFFF7}.Release|Mixed Platforms.ActiveCfg = Release|x86
		{A08575E0-7B21-4822-9D4C-6B9EEB7EFFF7}.Release|Mixed Platforms.Build.0 = Release|x86
		{A08575E0-7B21-4822-9D4C-6B9EEB7EFFF7}.Release|PS Vita.ActiveCfg = Release|x86
		{A08575E0-7B21-4822-9D4C-6B9EEB7EFFF7}.Release|Windows.ActiveCfg = Release|x86
		{A08575E0-7B21-4822-9D4C-6B9EEB7EFFF7}.Release|Windows Metro.ActiveCfg = Release|x86
		{A08575E0-7B21-4822-9D4C-6B9EEB7EFFF7}.Release|Windows Phone.ActiveCfg = Release|x86
		{A08575E0-7B21-4822-9D4C-6B9EEB7EFFF7}.Release|x86.ActiveCfg = Release|x86
		{A08575E0-7B21-4822-9D4C-6B9EEB7EFFF7}.Release|x86.Build.0 = Release|x86
		{A08575E0-7B21-4822-9D4C-6B9EEB7EFFF7}.Release|XBox 360.ActiveCfg = Release|x86
		{A08575E0-7B21-4822-9D4C-6B9EEB7EFFF7}.ReleaseWin8|Android.ActiveCfg = ReleaseWin8|x86
		{A08575E0-7B21-4822-9D4C-6B9EEB7EFFF7}.ReleaseWin8|Any CPU.ActiveCfg = ReleaseWin8|x86
		{A08575E0-7B21-4822-9D4C-6B9EEB7EFFF7}.ReleaseWin8|iOS.ActiveCfg = ReleaseWin8|x86
		{A08575E0-7B21-4822-9D4C-6B9EEB7EFFF7}.ReleaseWin8|Linux.ActiveCfg = ReleaseWin8|x86
		{A08575E0-7B21-4822-9D4C-6B9EEB7EFFF7}.ReleaseWin8|Mac OS.ActiveCfg = ReleaseWin8|x86
		{A08575E0-7B21-4822-9D4C-6B9EEB7EFFF7}.ReleaseWin8|Mixed Platforms.ActiveCfg = ReleaseWin8|x86
		{A08575E0-7B21-4822-9D4C-6B9EEB7EFFF7}.ReleaseWin8|Mixed Platforms.Build.0 = ReleaseWin8|x86
		{A08575E0-7B21-4822-9D4C-6B9EEB7EFFF7}.ReleaseWin8|PS Vita.ActiveCfg = ReleaseWin8|x86
		{A08575E0-7B21-4822-9D4C-6B9EEB7EFFF7}.ReleaseWin8|Windows.ActiveCfg = ReleaseWin8|x86
		{A08575E0-7B21-4822-9D4C-6B9EEB7EFFF7}.ReleaseWin8|Windows Metro.ActiveCfg = ReleaseWin8|x86
		{A08575E0-7B21-4822-9D4C-6B9EEB7EFFF7}.ReleaseWin8|Windows Phone.ActiveCfg = ReleaseWin8|x86
		{A08575E0-7B21-4822-9D4C-6B9EEB7EFFF7}.ReleaseWin8|x86.ActiveCfg = ReleaseWin8|x86
		{A08575E0-7B21-4822-9D4C-6B9EEB7EFFF7}.ReleaseWin8|x86.Build.0 = ReleaseWin8|x86
		{A08575E0-7B21-4822-9D4C-6B9EEB7EFFF7}.ReleaseWin8|XBox 360.ActiveCfg = ReleaseWin8|x86
		{75EFAE60-726E-430F-8661-4CF9ABD1306C}.Debug|Android.ActiveCfg = Debug|Android
		{75EFAE60-726E-430F-8661-4CF9ABD1306C}.Debug|Android.Build.0 = Debug|Android
		{75EFAE60-726E-430F-8661-4CF9ABD1306C}.Debug|Any CPU.ActiveCfg = Debug|Android
		{75EFAE60-726E-430F-8661-4CF9ABD1306C}.Debug|iOS.ActiveCfg = Debug|iOS
		{75EFAE60-726E-430F-8661-4CF9ABD1306C}.Debug|iOS.Build.0 = Debug|iOS
		{75EFAE60-726E-430F-8661-4CF9ABD1306C}.Debug|Linux.ActiveCfg = Debug|Linux
		{75EFAE60-726E-430F-8661-4CF9ABD1306C}.Debug|Linux.Build.0 = Debug|Linux
		{75EFAE60-726E-430F-8661-4CF9ABD1306C}.Debug|Mac OS.ActiveCfg = Debug|Mac OS
		{75EFAE60-726E-430F-8661-4CF9ABD1306C}.Debug|Mac OS.Build.0 = Debug|Mac OS
		{75EFAE60-726E-430F-8661-4CF9ABD1306C}.Debug|Mixed Platforms.ActiveCfg = Debug|XBox 360
		{75EFAE60-726E-430F-8661-4CF9ABD1306C}.Debug|Mixed Platforms.Build.0 = Debug|XBox 360
		{75EFAE60-726E-430F-8661-4CF9ABD1306C}.Debug|PS Vita.ActiveCfg = Debug|PS Vita
		{75EFAE60-726E-430F-8661-4CF9ABD1306C}.Debug|PS Vita.Build.0 = Debug|PS Vita
		{75EFAE60-726E-430F-8661-4CF9ABD1306C}.Debug|Windows.ActiveCfg = Debug|Windows
		{75EFAE60-726E-430F-8661-4CF9ABD1306C}.Debug|Windows.Build.0 = Debug|Windows
		{75EFAE60-726E-430F-8661-4CF9ABD1306C}.Debug|Windows Metro.ActiveCfg = Debug|Windows Metro
		{75EFAE60-726E-430F-8661-4CF9ABD1306C}.Debug|Windows Metro.Build.0 = Debug|Windows Metro
		{75EFAE60-726E-430F-8661-4CF9ABD1306C}.Debug|Windows Phone.ActiveCfg = Debug|Windows Phone
		{75EFAE60-726E-430F-8661-4CF9ABD1306C}.Debug|Windows Phone.Build.0 = Debug|Windows Phone
		{75EFAE60-726E-430F-8661-4CF9ABD1306C}.Debug|x86.ActiveCfg = Debug|XBox 360
		{75EFAE60-726E-430F-8661-4CF9ABD1306C}.Debug|XBox 360.ActiveCfg = Debug|XBox 360
		{75EFAE60-726E-430F-8661-4CF9ABD1306C}.Debug|XBox 360.Build.0 = Debug|XBox 360
		{75EFAE60-726E-430F-8661-4CF9ABD1306C}.DebugWin8|Android.ActiveCfg = Debug|Android
		{75EFAE60-726E-430F-8661-4CF9ABD1306C}.DebugWin8|Android.Build.0 = Debug|Android
		{75EFAE60-726E-430F-8661-4CF9ABD1306C}.DebugWin8|Any CPU.ActiveCfg = Debug|Android
		{75EFAE60-726E-430F-8661-4CF9ABD1306C}.DebugWin8|iOS.ActiveCfg = Debug|iOS
		{75EFAE60-726E-430F-8661-4CF9ABD1306C}.DebugWin8|iOS.Build.0 = Debug|iOS
		{75EFAE60-726E-430F-8661-4CF9ABD1306C}.DebugWin8|Linux.ActiveCfg = Debug|Linux
		{75EFAE60-726E-430F-8661-4CF9ABD1306C}.DebugWin8|Linux.Build.0 = Debug|Linux
		{75EFAE60-726E-430F-8661-4CF9ABD1306C}.DebugWin8|Mac OS.ActiveCfg = Debug|Mac OS
		{75EFAE60-726E-430F-8661-4CF9ABD1306C}.DebugWin8|Mac OS.Build.0 = Debug|Mac OS
		{75EFAE60-726E-430F-8661-4CF9ABD1306C}.DebugWin8|Mixed Platforms.ActiveCfg = Debug|XBox 360
		{75EFAE60-726E-430F-8661-4CF9ABD1306C}.DebugWin8|Mixed Platforms.Build.0 = Debug|XBox 360
		{75EFAE60-726E-430F-8661-4CF9ABD1306C}.DebugWin8|PS Vita.ActiveCfg = Debug|PS Vita
		{75EFAE60-726E-430F-8661-4CF9ABD1306C}.DebugWin8|PS Vita.Build.0 = Debug|PS Vita
		{75EFAE60-726E-430F-8661-4CF9ABD1306C}.DebugWin8|Windows.ActiveCfg = Debug|Windows
		{75EFAE60-726E-430F-8661-4CF9ABD1306C}.DebugWin8|Windows.Build.0 = Debug|Windows
		{75EFAE60-726E-430F-8661-4CF9ABD1306C}.DebugWin8|Windows Metro.ActiveCfg = Debug|Windows Metro
		{75EFAE60-726E-430F-8661-4CF9ABD1306C}.DebugWin8|Windows Metro.Build.0 = Debug|Windows Metro
		{75EFAE60-726E-430F-8661-4CF9ABD1306C}.DebugWin8|Windows Phone.ActiveCfg = Debug|Windows Phone
		{75EFAE60-726E-430F-8661-4CF9ABD1306C}.DebugWin8|Windows Phone.Build.0 = Debug|Windows Phone
		{75EFAE60-726E-430F-8661-4CF9ABD1306C}.DebugWin8|x86.ActiveCfg = Debug|XBox 360
		{75EFAE60-726E-430F-8661-4CF9ABD1306C}.DebugWin8|XBox 360.ActiveCfg = Debug|XBox 360
		{75EFAE60-726E-430F-8661-4CF9ABD1306C}.DebugWin8|XBox 360.Build.0 = Debug|XBox 360
		{75EFAE60-726E-430F-8661-4CF9ABD1306C}.Release|Android.ActiveCfg = Release|Android
		{75EFAE60-726E-430F-8661-4CF9ABD1306C}.Release|Android.Build.0 = Release|Android
		{75EFAE60-726E-430F-8661-4CF9ABD1306C}.Release|Any CPU.ActiveCfg = Release|Android
		{75EFAE60-726E-430F-8661-4CF9ABD1306C}.Release|iOS.ActiveCfg = Release|iOS
		{75EFAE60-726E-430F-8661-4CF9ABD1306C}.Release|iOS.Build.0 = Release|iOS
		{75EFAE60-726E-430F-8661-4CF9ABD1306C}.Release|Linux.ActiveCfg = Release|Linux
		{75EFAE60-726E-430F-8661-4CF9ABD1306C}.Release|Linux.Build.0 = Release|Linux
		{75EFAE60-726E-430F-8661-4CF9ABD1306C}.Release|Mac OS.ActiveCfg = Release|Mac OS
		{75EFAE60-726E-430F-8661-4CF9ABD1306C}.Release|Mac OS.Build.0 = Release|Mac OS
		{75EFAE60-726E-430F-8661-4CF9ABD1306C}.Release|Mixed Platforms.ActiveCfg = Release|XBox 360
		{75EFAE60-726E-430F-8661-4CF9ABD1306C}.Release|Mixed Platforms.Build.0 = Release|XBox 360
		{75EFAE60-726E-430F-8661-4CF9ABD1306C}.Release|PS Vita.ActiveCfg = Release|PS Vita
		{75EFAE60-726E-430F-8661-4CF9ABD1306C}.Release|PS Vita.Build.0 = Release|PS Vita
		{75EFAE60-726E-430F-8661-4CF9ABD1306C}.Release|Windows.ActiveCfg = Release|Windows
		{75EFAE60-726E-430F-8661-4CF9ABD1306C}.Release|Windows.Build.0 = Release|Windows
		{75EFAE60-726E-430F-8661-4CF9ABD1306C}.Release|Windows Metro.ActiveCfg = Release|Windows Metro
		{75EFAE60-726E-430F-8661-4CF9ABD1306C}.Release|Windows Metro.Build.0 = Release|Windows Metro
		{75EFAE60-726E-430F-8661-4CF9ABD1306C}.Release|Windows Phone.ActiveCfg = Release|Windows Phone
		{75EFAE60-726E-430F-8661-4CF9ABD1306C}.Release|Windows Phone.Build.0 = Release|Windows Phone
		{75EFAE60-726E-430F-8661-4CF9ABD1306C}.Release|x86.ActiveCfg = Release|XBox 360
		{75EFAE60-726E-430F-8661-4CF9ABD1306C}.Release|XBox 360.ActiveCfg = Release|XBox 360
		{75EFAE60-726E-430F-8661-4CF9ABD1306C}.Release|XBox 360.Build.0 = Release|XBox 360
		{75EFAE60-726E-430F-8661-4CF9ABD1306C}.ReleaseWin8|Android.ActiveCfg = Release|Android
		{75EFAE60-726E-430F-8661-4CF9ABD1306C}.ReleaseWin8|Android.Build.0 = Release|Android
		{75EFAE60-726E-430F-8661-4CF9ABD1306C}.ReleaseWin8|Any CPU.ActiveCfg = Release|Android
		{75EFAE60-726E-430F-8661-4CF9ABD1306C}.ReleaseWin8|iOS.ActiveCfg = Release|iOS
		{75EFAE60-726E-430F-8661-4CF9ABD1306C}.ReleaseWin8|iOS.Build.0 = Release|iOS
		{75EFAE60-726E-430F-8661-4CF9ABD1306C}.ReleaseWin8|Linux.ActiveCfg = Release|Linux
		{75EFAE60-726E-430F-8661-4CF9ABD1306C}.ReleaseWin8|Linux.Build.0 = Release|Linux
		{75EFAE60-726E-430F-8661-4CF9ABD1306C}.ReleaseWin8|Mac OS.ActiveCfg = Release|Mac OS
		{75EFAE60-726E-430F-8661-4CF9ABD1306C}.ReleaseWin8|Mac OS.Build.0 = Release|Mac OS
		{75EFAE60-726E-430F-8661-4CF9ABD1306C}.ReleaseWin8|Mixed Platforms.ActiveCfg = Release|XBox 360
		{75EFAE60-726E-430F-8661-4CF9ABD1306C}.ReleaseWin8|Mixed Platforms.Build.0 = Release|XBox 360
		{75EFAE60-726E-430F-8661-4CF9ABD1306C}.ReleaseWin8|PS Vita.ActiveCfg = Release|PS Vita
		{75EFAE60-726E-430F-8661-4CF9ABD1306C}.ReleaseWin8|PS Vita.Build.0 = Release|PS Vita
		{75EFAE60-726E-430F-8661-4CF9ABD1306C}.ReleaseWin8|Windows.ActiveCfg = Release|Windows
		{75EFAE60-726E-430F-8661-4CF9ABD1306C}.ReleaseWin8|Windows.Build.0 = Release|Windows
		{75EFAE60-726E-430F-8661-4CF9ABD1306C}.ReleaseWin8|Windows Metro.ActiveCfg = Release|Windows Metro
		{75EFAE60-726E-430F-8661-4CF9ABD1306C}.ReleaseWin8|Windows Metro.Build.0 = Release|Windows Metro
		{75EFAE60-726E-430F-8661-4CF9ABD1306C}.ReleaseWin8|Windows Phone.ActiveCfg = Release|Windows Phone
		{75EFAE60-726E-430F-8661-4CF9ABD1306C}.ReleaseWin8|Windows Phone.Build.0 = Release|Windows Phone
		{75EFAE60-726E-430F-8661-4CF9ABD1306C}.ReleaseWin8|x86.ActiveCfg = Release|XBox 360
		{75EFAE60-726E-430F-8661-4CF9ABD1306C}.ReleaseWin8|XBox 360.ActiveCfg = Release|XBox 360
		{75EFAE60-726E-430F-8661-4CF9ABD1306C}.ReleaseWin8|XBox 360.Build.0 = Release|XBox 360
	EndGlobalSection
	GlobalSection(SolutionProperties) = preSolution
		HideSolutionNode = FALSE
	EndGlobalSection
EndGlobal
